// !$*UTF8*$!
{
	archiveVersion = 1;
	classes = {
	};
	objectVersion = 50;
	objects = {

/* Begin PBXBuildFile section */
		893BEB86223FB1D100C92EA1 /* main.cpp in Sources */ = {isa = PBXBuildFile; fileRef = 893BEB85223FB1D100C92EA1 /* main.cpp */; };
		893BEB8E223FB28200C92EA1 /* IOKit.framework in Frameworks */ = {isa = PBXBuildFile; fileRef = 893BEB8D223FB28200C92EA1 /* IOKit.framework */; };
		893BEB90223FB28800C92EA1 /* Cocoa.framework in Frameworks */ = {isa = PBXBuildFile; fileRef = 893BEB8F223FB28800C92EA1 /* Cocoa.framework */; };
		893BEB92223FB28E00C92EA1 /* OpenGL.framework in Frameworks */ = {isa = PBXBuildFile; fileRef = 893BEB91223FB28E00C92EA1 /* OpenGL.framework */; };
		893BEB94223FB29500C92EA1 /* CoreVideo.framework in Frameworks */ = {isa = PBXBuildFile; fileRef = 893BEB93223FB29500C92EA1 /* CoreVideo.framework */; };
		893BEB96223FB2A000C92EA1 /* libglfw.3.2.dylib in Frameworks */ = {isa = PBXBuildFile; fileRef = 893BEB95223FB2A000C92EA1 /* libglfw.3.2.dylib */; };
		893BEB98223FB31900C92EA1 /* glad.c in Sources */ = {isa = PBXBuildFile; fileRef = 893BEB97223FB31900C92EA1 /* glad.c */; };
		894C67AB224C6906001FEB32 /* libassimp.4.1.0.dylib in Frameworks */ = {isa = PBXBuildFile; fileRef = 894C67AA224C6906001FEB32 /* libassimp.4.1.0.dylib */; };
/* End PBXBuildFile section */

/* Begin PBXCopyFilesBuildPhase section */
		893BEB80223FB1D100C92EA1 /* Copy Files */ = {
			isa = PBXCopyFilesBuildPhase;
			buildActionMask = 2147483647;
			dstPath = /usr/share/man/man1/;
			dstSubfolderSpec = 0;
			files = (
			);
			name = "Copy Files";
			runOnlyForDeploymentPostprocessing = 1;
		};
/* End PBXCopyFilesBuildPhase section */

/* Begin PBXFileReference section */
		8912EF49223FD0A80040AE27 /* loader.hpp */ = {isa = PBXFileReference; lastKnownFileType = sourcecode.cpp.h; path = loader.hpp; sourceTree = "<group>"; };
		8912EF4A223FD1ED0040AE27 /* support.hpp */ = {isa = PBXFileReference; lastKnownFileType = sourcecode.cpp.h; path = support.hpp; sourceTree = "<group>"; };
		8912EF4C223FDE200040AE27 /* Window.hpp */ = {isa = PBXFileReference; lastKnownFileType = sourcecode.cpp.h; path = Window.hpp; sourceTree = "<group>"; };
		8912EF4E223FE1EA0040AE27 /* Exception.hpp */ = {isa = PBXFileReference; lastKnownFileType = sourcecode.cpp.h; path = Exception.hpp; sourceTree = "<group>"; };
		8912EF50223FE5800040AE27 /* GLFW.hpp */ = {isa = PBXFileReference; lastKnownFileType = sourcecode.cpp.h; path = GLFW.hpp; sourceTree = "<group>"; };
		8912EF53223FF44C0040AE27 /* Shader.hpp */ = {isa = PBXFileReference; lastKnownFileType = sourcecode.cpp.h; path = Shader.hpp; sourceTree = "<group>"; };
		8912EF54223FFA950040AE27 /* Program.hpp */ = {isa = PBXFileReference; lastKnownFileType = sourcecode.cpp.h; path = Program.hpp; sourceTree = "<group>"; };
		8912EF55223FFD840040AE27 /* GL.hpp */ = {isa = PBXFileReference; lastKnownFileType = sourcecode.cpp.h; path = GL.hpp; sourceTree = "<group>"; };
		8912EF562240048F0040AE27 /* VertexArray.hpp */ = {isa = PBXFileReference; lastKnownFileType = sourcecode.cpp.h; path = VertexArray.hpp; sourceTree = "<group>"; };
		8912EF57224009C70040AE27 /* ArrayBuffer.hpp */ = {isa = PBXFileReference; lastKnownFileType = sourcecode.cpp.h; path = ArrayBuffer.hpp; sourceTree = "<group>"; };
		8912EF582240809C0040AE27 /* simple.frag */ = {isa = PBXFileReference; lastKnownFileType = sourcecode.glsl; path = simple.frag; sourceTree = "<group>"; };
		8912EF5D224094430040AE27 /* mipmaps.png */ = {isa = PBXFileReference; lastKnownFileType = image.png; path = mipmaps.png; sourceTree = "<group>"; };
		8912EF5E2240983C0040AE27 /* Texture.hpp */ = {isa = PBXFileReference; lastKnownFileType = sourcecode.cpp.h; path = Texture.hpp; sourceTree = "<group>"; };
		8912EF602240A9D20040AE27 /* wall.jpg */ = {isa = PBXFileReference; lastKnownFileType = image.jpeg; path = wall.jpg; sourceTree = "<group>"; };
		8912EF6122471E6C0040AE27 /* Camera.hpp */ = {isa = PBXFileReference; lastKnownFileType = sourcecode.cpp.h; path = Camera.hpp; sourceTree = "<group>"; };
		8912EF67224769BD0040AE27 /* playground.hpp */ = {isa = PBXFileReference; lastKnownFileType = sourcecode.cpp.h; path = playground.hpp; sourceTree = "<group>"; };
		8912EF6822476AB00040AE27 /* basic.hpp */ = {isa = PBXFileReference; lastKnownFileType = sourcecode.cpp.h; path = basic.hpp; sourceTree = "<group>"; };
		8912EF6B22476D5C0040AE27 /* basic_lighting.hpp */ = {isa = PBXFileReference; lastKnownFileType = sourcecode.cpp.h; path = basic_lighting.hpp; sourceTree = "<group>"; };
		8912EF6C22476D870040AE27 /* base.hpp */ = {isa = PBXFileReference; lastKnownFileType = sourcecode.cpp.h; path = base.hpp; sourceTree = "<group>"; };
		8912EF6E22476F320040AE27 /* basic.vert */ = {isa = PBXFileReference; lastKnownFileType = sourcecode.glsl; path = basic.vert; sourceTree = "<group>"; };
		8912EF6F224770220040AE27 /* lamp.frag */ = {isa = PBXFileReference; lastKnownFileType = sourcecode.glsl; path = lamp.frag; sourceTree = "<group>"; };
		8912EF702247707E0040AE27 /* object.frag */ = {isa = PBXFileReference; lastKnownFileType = sourcecode.glsl; path = object.frag; sourceTree = "<group>"; };
		893BEB82223FB1D100C92EA1 /* OpenGLTest */ = {isa = PBXFileReference; explicitFileType = "compiled.mach-o.executable"; includeInIndex = 0; path = OpenGLTest; sourceTree = BUILT_PRODUCTS_DIR; };
		893BEB85223FB1D100C92EA1 /* main.cpp */ = {isa = PBXFileReference; lastKnownFileType = sourcecode.cpp.cpp; path = main.cpp; sourceTree = "<group>"; };
		893BEB8D223FB28200C92EA1 /* IOKit.framework */ = {isa = PBXFileReference; lastKnownFileType = wrapper.framework; name = IOKit.framework; path = System/Library/Frameworks/IOKit.framework; sourceTree = SDKROOT; };
		893BEB8F223FB28800C92EA1 /* Cocoa.framework */ = {isa = PBXFileReference; lastKnownFileType = wrapper.framework; name = Cocoa.framework; path = System/Library/Frameworks/Cocoa.framework; sourceTree = SDKROOT; };
		893BEB91223FB28E00C92EA1 /* OpenGL.framework */ = {isa = PBXFileReference; lastKnownFileType = wrapper.framework; name = OpenGL.framework; path = System/Library/Frameworks/OpenGL.framework; sourceTree = SDKROOT; };
		893BEB93223FB29500C92EA1 /* CoreVideo.framework */ = {isa = PBXFileReference; lastKnownFileType = wrapper.framework; name = CoreVideo.framework; path = System/Library/Frameworks/CoreVideo.framework; sourceTree = SDKROOT; };
		893BEB95223FB2A000C92EA1 /* libglfw.3.2.dylib */ = {isa = PBXFileReference; lastKnownFileType = "compiled.mach-o.dylib"; name = libglfw.3.2.dylib; path = ../../../../../usr/local/Cellar/glfw/3.2.1/lib/libglfw.3.2.dylib; sourceTree = "<group>"; };
		893BEB97223FB31900C92EA1 /* glad.c */ = {isa = PBXFileReference; fileEncoding = 4; lastKnownFileType = sourcecode.c.c; name = glad.c; path = glad/src/glad.c; sourceTree = SOURCE_ROOT; };
		893BEB9A223FB64200C92EA1 /* simple.vert */ = {isa = PBXFileReference; lastKnownFileType = sourcecode.glsl; path = simple.vert; sourceTree = "<group>"; };
		894C67A9224C6404001FEB32 /* model.hpp */ = {isa = PBXFileReference; lastKnownFileType = sourcecode.cpp.h; path = model.hpp; sourceTree = "<group>"; };
		894C67AA224C6906001FEB32 /* libassimp.4.1.0.dylib */ = {isa = PBXFileReference; lastKnownFileType = "compiled.mach-o.dylib"; name = libassimp.4.1.0.dylib; path = ../../../../../usr/local/Cellar/assimp/4.1.0/lib/libassimp.4.1.0.dylib; sourceTree = "<group>"; };
		894C67AC224C6BBF001FEB32 /* Mesh.hpp */ = {isa = PBXFileReference; lastKnownFileType = sourcecode.cpp.h; path = Mesh.hpp; sourceTree = "<group>"; };
		8991FBAB224F7ED400240AC0 /* Box.hpp */ = {isa = PBXFileReference; lastKnownFileType = sourcecode.cpp.h; path = Box.hpp; sourceTree = "<group>"; };
		8991FBAC224F833E00240AC0 /* PointLight.hpp */ = {isa = PBXFileReference; lastKnownFileType = sourcecode.cpp.h; path = PointLight.hpp; sourceTree = "<group>"; };
		8991FBAD224F8B5500240AC0 /* depth_stencil_test.hpp */ = {isa = PBXFileReference; lastKnownFileType = sourcecode.cpp.h; path = depth_stencil_test.hpp; sourceTree = "<group>"; };
		8991FBAF224F8BCC00240AC0 /* box.vert */ = {isa = PBXFileReference; lastKnownFileType = sourcecode.glsl; path = box.vert; sourceTree = "<group>"; };
		8991FBB0224F8C1A00240AC0 /* box.frag */ = {isa = PBXFileReference; lastKnownFileType = sourcecode.glsl; path = box.frag; sourceTree = "<group>"; };
		8991FBB1224F973800240AC0 /* Floor.hpp */ = {isa = PBXFileReference; lastKnownFileType = sourcecode.cpp.h; path = Floor.hpp; sourceTree = "<group>"; };
		8991FBB2224F981300240AC0 /* depth_test.frag */ = {isa = PBXFileReference; lastKnownFileType = sourcecode.glsl; path = depth_test.frag; sourceTree = "<group>"; };
		8991FBB3224FC18C00240AC0 /* single_color.frag */ = {isa = PBXFileReference; lastKnownFileType = sourcecode.glsl; path = single_color.frag; sourceTree = "<group>"; };
		899BF9DD224F3B4100630C0E /* AssimpModel.hpp */ = {isa = PBXFileReference; lastKnownFileType = sourcecode.cpp.h; path = AssimpModel.hpp; sourceTree = "<group>"; };
		899BF9DF224F60A500630C0E /* model.vert */ = {isa = PBXFileReference; lastKnownFileType = sourcecode.glsl; path = model.vert; sourceTree = "<group>"; };
		899BF9E0224F60B500630C0E /* model.frag */ = {isa = PBXFileReference; lastKnownFileType = sourcecode.glsl; path = model.frag; sourceTree = "<group>"; };
		899BF9E3224F613F00630C0E /* body_showroom_ddn.png */ = {isa = PBXFileReference; lastKnownFileType = image.png; path = body_showroom_ddn.png; sourceTree = "<group>"; };
		899BF9E4224F613F00630C0E /* helmet_showroom_ddn.png */ = {isa = PBXFileReference; lastKnownFileType = image.png; path = helmet_showroom_ddn.png; sourceTree = "<group>"; };
		899BF9E5224F613F00630C0E /* arm_showroom_ddn.png */ = {isa = PBXFileReference; lastKnownFileType = image.png; path = arm_showroom_ddn.png; sourceTree = "<group>"; };
		899BF9E6224F613F00630C0E /* arm_showroom_spec.png */ = {isa = PBXFileReference; lastKnownFileType = image.png; path = arm_showroom_spec.png; sourceTree = "<group>"; };
		899BF9E7224F613F00630C0E /* leg_dif.png */ = {isa = PBXFileReference; lastKnownFileType = image.png; path = leg_dif.png; sourceTree = "<group>"; };
		899BF9E8224F613F00630C0E /* hand_showroom_spec.png */ = {isa = PBXFileReference; lastKnownFileType = image.png; path = hand_showroom_spec.png; sourceTree = "<group>"; };
		899BF9E9224F613F00630C0E /* glass_ddn.png */ = {isa = PBXFileReference; lastKnownFileType = image.png; path = glass_ddn.png; sourceTree = "<group>"; };
		899BF9EA224F613F00630C0E /* nanosuit.mtl */ = {isa = PBXFileReference; lastKnownFileType = text; path = nanosuit.mtl; sourceTree = "<group>"; };
		899BF9EB224F613F00630C0E /* body_dif.png */ = {isa = PBXFileReference; lastKnownFileType = image.png; path = body_dif.png; sourceTree = "<group>"; };
		899BF9EC224F613F00630C0E /* hand_showroom_ddn.png */ = {isa = PBXFileReference; lastKnownFileType = image.png; path = hand_showroom_ddn.png; sourceTree = "<group>"; };
		899BF9ED224F613F00630C0E /* glass_dif.png */ = {isa = PBXFileReference; lastKnownFileType = image.png; path = glass_dif.png; sourceTree = "<group>"; };
		899BF9EE224F613F00630C0E /* arm_dif.png */ = {isa = PBXFileReference; lastKnownFileType = image.png; path = arm_dif.png; sourceTree = "<group>"; };
		899BF9EF224F613F00630C0E /* nanosuit.blend */ = {isa = PBXFileReference; lastKnownFileType = file; path = nanosuit.blend; sourceTree = "<group>"; };
		899BF9F0224F613F00630C0E /* helmet_diff.png */ = {isa = PBXFileReference; lastKnownFileType = image.png; path = helmet_diff.png; sourceTree = "<group>"; };
		899BF9F1224F613F00630C0E /* nanosuit.obj */ = {isa = PBXFileReference; lastKnownFileType = text; path = nanosuit.obj; sourceTree = "<group>"; };
		899BF9F2224F613F00630C0E /* leg_showroom_ddn.png */ = {isa = PBXFileReference; lastKnownFileType = image.png; path = leg_showroom_ddn.png; sourceTree = "<group>"; };
		899BF9F3224F613F00630C0E /* LICENSE.txt */ = {isa = PBXFileReference; lastKnownFileType = text; path = LICENSE.txt; sourceTree = "<group>"; };
		899BF9F4224F613F00630C0E /* helmet_showroom_spec.png */ = {isa = PBXFileReference; lastKnownFileType = image.png; path = helmet_showroom_spec.png; sourceTree = "<group>"; };
		899BF9F5224F613F00630C0E /* leg_showroom_spec.png */ = {isa = PBXFileReference; lastKnownFileType = image.png; path = leg_showroom_spec.png; sourceTree = "<group>"; };
		899BF9F6224F613F00630C0E /* body_showroom_spec.png */ = {isa = PBXFileReference; lastKnownFileType = image.png; path = body_showroom_spec.png; sourceTree = "<group>"; };
		899BF9F7224F613F00630C0E /* hand_dif.png */ = {isa = PBXFileReference; lastKnownFileType = image.png; path = hand_dif.png; sourceTree = "<group>"; };
		899BF9F8224F619000630C0E /* helper.hpp */ = {isa = PBXFileReference; lastKnownFileType = sourcecode.cpp.h; path = helper.hpp; sourceTree = "<group>"; };
		899BF9F9224F6FD600630C0E /* MeshTextureNameGenerator.hpp */ = {isa = PBXFileReference; lastKnownFileType = sourcecode.cpp.h; path = MeshTextureNameGenerator.hpp; sourceTree = "<group>"; };
		89DA8E962248B539002CC19D /* lighting_maps_specular_color.png */ = {isa = PBXFileReference; lastKnownFileType = image.png; path = lighting_maps_specular_color.png; sourceTree = "<group>"; };
		89DA8E972248B5B6002CC19D /* matrix.jpg */ = {isa = PBXFileReference; lastKnownFileType = image.jpeg; path = matrix.jpg; sourceTree = "<group>"; };
		89EF76BD224873EC00A809E5 /* container2_specular.png */ = {isa = PBXFileReference; lastKnownFileType = image.png; path = container2_specular.png; sourceTree = "<group>"; };
		89EF76BE224873EC00A809E5 /* container2.png */ = {isa = PBXFileReference; lastKnownFileType = image.png; path = container2.png; sourceTree = "<group>"; };
/* End PBXFileReference section */

/* Begin PBXFrameworksBuildPhase section */
		893BEB7F223FB1D100C92EA1 /* Frameworks */ = {
			isa = PBXFrameworksBuildPhase;
			buildActionMask = 2147483647;
			files = (
				894C67AB224C6906001FEB32 /* libassimp.4.1.0.dylib in Frameworks */,
				893BEB96223FB2A000C92EA1 /* libglfw.3.2.dylib in Frameworks */,
				893BEB94223FB29500C92EA1 /* CoreVideo.framework in Frameworks */,
				893BEB92223FB28E00C92EA1 /* OpenGL.framework in Frameworks */,
				893BEB90223FB28800C92EA1 /* Cocoa.framework in Frameworks */,
				893BEB8E223FB28200C92EA1 /* IOKit.framework in Frameworks */,
			);
			runOnlyForDeploymentPostprocessing = 0;
		};
/* End PBXFrameworksBuildPhase section */

/* Begin PBXGroup section */
		8912EF592240869F0040AE27 /* Utilities */ = {
			isa = PBXGroup;
			children = (
				8912EF6122471E6C0040AE27 /* Camera.hpp */,
				894C67AC224C6BBF001FEB32 /* Mesh.hpp */,
				899BF9F9224F6FD600630C0E /* MeshTextureNameGenerator.hpp */,
				899BF9DD224F3B4100630C0E /* AssimpModel.hpp */,
				899BF9F8224F619000630C0E /* helper.hpp */,
			);
			path = Utilities;
			sourceTree = "<group>";
		};
		8912EF5C224092570040AE27 /* Textures */ = {
			isa = PBXGroup;
			children = (
				89DA8E972248B5B6002CC19D /* matrix.jpg */,
				89DA8E962248B539002CC19D /* lighting_maps_specular_color.png */,
				89EF76BD224873EC00A809E5 /* container2_specular.png */,
				89EF76BE224873EC00A809E5 /* container2.png */,
				8912EF602240A9D20040AE27 /* wall.jpg */,
				8912EF5D224094430040AE27 /* mipmaps.png */,
			);
			path = Textures;
			sourceTree = "<group>";
		};
		8912EF63224769120040AE27 /* Playground */ = {
			isa = PBXGroup;
			children = (
				8991FBAA224F7EB600240AC0 /* Objects */,
				8912EF6C22476D870040AE27 /* base.hpp */,
				8912EF6822476AB00040AE27 /* basic.hpp */,
				8912EF6B22476D5C0040AE27 /* basic_lighting.hpp */,
				894C67A9224C6404001FEB32 /* model.hpp */,
				8991FBAD224F8B5500240AC0 /* depth_stencil_test.hpp */,
				8912EF67224769BD0040AE27 /* playground.hpp */,
			);
			path = Playground;
			sourceTree = "<group>";
		};
		8912EF6922476B9F0040AE27 /* basic */ = {
			isa = PBXGroup;
			children = (
				893BEB9A223FB64200C92EA1 /* simple.vert */,
				8912EF582240809C0040AE27 /* simple.frag */,
			);
			path = basic;
			sourceTree = "<group>";
		};
		8912EF6D22476E820040AE27 /* basic_lighting */ = {
			isa = PBXGroup;
			children = (
				8912EF6E22476F320040AE27 /* basic.vert */,
				8912EF6F224770220040AE27 /* lamp.frag */,
				8912EF702247707E0040AE27 /* object.frag */,
			);
			path = basic_lighting;
			sourceTree = "<group>";
		};
		893BEB79223FB1D100C92EA1 = {
			isa = PBXGroup;
			children = (
				893BEB9B223FC19A00C92EA1 /* WrappedGLFW */,
				899BF9E1224F613F00630C0E /* Models */,
				8912EF5C224092570040AE27 /* Textures */,
				893BEB99223FB62D00C92EA1 /* Shaders */,
				893BEB84223FB1D100C92EA1 /* OpenGLTest */,
				893BEB83223FB1D100C92EA1 /* Products */,
				893BEB8C223FB28200C92EA1 /* Frameworks */,
			);
			sourceTree = "<group>";
		};
		893BEB83223FB1D100C92EA1 /* Products */ = {
			isa = PBXGroup;
			children = (
				893BEB82223FB1D100C92EA1 /* OpenGLTest */,
			);
			name = Products;
			sourceTree = "<group>";
		};
		893BEB84223FB1D100C92EA1 /* OpenGLTest */ = {
			isa = PBXGroup;
			children = (
				8912EF63224769120040AE27 /* Playground */,
				893BEB85223FB1D100C92EA1 /* main.cpp */,
				893BEB97223FB31900C92EA1 /* glad.c */,
			);
			path = OpenGLTest;
			sourceTree = "<group>";
		};
		893BEB8C223FB28200C92EA1 /* Frameworks */ = {
			isa = PBXGroup;
			children = (
				894C67AA224C6906001FEB32 /* libassimp.4.1.0.dylib */,
				893BEB95223FB2A000C92EA1 /* libglfw.3.2.dylib */,
				893BEB93223FB29500C92EA1 /* CoreVideo.framework */,
				893BEB91223FB28E00C92EA1 /* OpenGL.framework */,
				893BEB8F223FB28800C92EA1 /* Cocoa.framework */,
				893BEB8D223FB28200C92EA1 /* IOKit.framework */,
			);
			name = Frameworks;
			sourceTree = "<group>";
		};
		893BEB99223FB62D00C92EA1 /* Shaders */ = {
			isa = PBXGroup;
			children = (
				8991FBAE224F8BC100240AC0 /* box */,
				899BF9DE224F608800630C0E /* model */,
				8912EF6D22476E820040AE27 /* basic_lighting */,
				8912EF6922476B9F0040AE27 /* basic */,
			);
			path = Shaders;
			sourceTree = "<group>";
		};
		893BEB9B223FC19A00C92EA1 /* WrappedGLFW */ = {
			isa = PBXGroup;
			children = (
				8912EF592240869F0040AE27 /* Utilities */,
				8912EF50223FE5800040AE27 /* GLFW.hpp */,
				8912EF4E223FE1EA0040AE27 /* Exception.hpp */,
				8912EF4C223FDE200040AE27 /* Window.hpp */,
				8912EF55223FFD840040AE27 /* GL.hpp */,
				8912EF53223FF44C0040AE27 /* Shader.hpp */,
				8912EF54223FFA950040AE27 /* Program.hpp */,
				8912EF562240048F0040AE27 /* VertexArray.hpp */,
				8912EF57224009C70040AE27 /* ArrayBuffer.hpp */,
				8912EF5E2240983C0040AE27 /* Texture.hpp */,
				8912EF4A223FD1ED0040AE27 /* support.hpp */,
				8912EF49223FD0A80040AE27 /* loader.hpp */,
			);
			path = WrappedGLFW;
			sourceTree = "<group>";
		};
		8991FBAA224F7EB600240AC0 /* Objects */ = {
			isa = PBXGroup;
			children = (
				8991FBAC224F833E00240AC0 /* PointLight.hpp */,
				8991FBAB224F7ED400240AC0 /* Box.hpp */,
				8991FBB1224F973800240AC0 /* Floor.hpp */,
			);
			path = Objects;
			sourceTree = "<group>";
		};
		8991FBAE224F8BC100240AC0 /* box */ = {
			isa = PBXGroup;
			children = (
				8991FBAF224F8BCC00240AC0 /* box.vert */,
				8991FBB0224F8C1A00240AC0 /* box.frag */,
				8991FBB2224F981300240AC0 /* depth_test.frag */,
				8991FBB3224FC18C00240AC0 /* single_color.frag */,
			);
			path = box;
			sourceTree = "<group>";
		};
		899BF9DE224F608800630C0E /* model */ = {
			isa = PBXGroup;
			children = (
				899BF9DF224F60A500630C0E /* model.vert */,
				899BF9E0224F60B500630C0E /* model.frag */,
			);
			path = model;
			sourceTree = "<group>";
		};
		899BF9E1224F613F00630C0E /* Models */ = {
			isa = PBXGroup;
			children = (
				899BF9E2224F613F00630C0E /* nanosuit */,
			);
			path = Models;
			sourceTree = "<group>";
		};
		899BF9E2224F613F00630C0E /* nanosuit */ = {
			isa = PBXGroup;
			children = (
				899BF9E3224F613F00630C0E /* body_showroom_ddn.png */,
				899BF9E4224F613F00630C0E /* helmet_showroom_ddn.png */,
				899BF9E5224F613F00630C0E /* arm_showroom_ddn.png */,
				899BF9E6224F613F00630C0E /* arm_showroom_spec.png */,
				899BF9E7224F613F00630C0E /* leg_dif.png */,
				899BF9E8224F613F00630C0E /* hand_showroom_spec.png */,
				899BF9E9224F613F00630C0E /* glass_ddn.png */,
				899BF9EA224F613F00630C0E /* nanosuit.mtl */,
				899BF9EB224F613F00630C0E /* body_dif.png */,
				899BF9EC224F613F00630C0E /* hand_showroom_ddn.png */,
				899BF9ED224F613F00630C0E /* glass_dif.png */,
				899BF9EE224F613F00630C0E /* arm_dif.png */,
				899BF9EF224F613F00630C0E /* nanosuit.blend */,
				899BF9F0224F613F00630C0E /* helmet_diff.png */,
				899BF9F1224F613F00630C0E /* nanosuit.obj */,
				899BF9F2224F613F00630C0E /* leg_showroom_ddn.png */,
				899BF9F3224F613F00630C0E /* LICENSE.txt */,
				899BF9F4224F613F00630C0E /* helmet_showroom_spec.png */,
				899BF9F5224F613F00630C0E /* leg_showroom_spec.png */,
				899BF9F6224F613F00630C0E /* body_showroom_spec.png */,
				899BF9F7224F613F00630C0E /* hand_dif.png */,
			);
			path = nanosuit;
			sourceTree = "<group>";
		};
/* End PBXGroup section */

/* Begin PBXNativeTarget section */
		893BEB81223FB1D100C92EA1 /* OpenGLTest */ = {
			isa = PBXNativeTarget;
			buildConfigurationList = 893BEB89223FB1D100C92EA1 /* Build configuration list for PBXNativeTarget "OpenGLTest" */;
			buildPhases = (
				893BEB7E223FB1D100C92EA1 /* Sources */,
				893BEB7F223FB1D100C92EA1 /* Frameworks */,
				893BEB80223FB1D100C92EA1 /* Copy Files */,
			);
			buildRules = (
			);
			dependencies = (
			);
			name = OpenGLTest;
			productName = OpenGLTest;
			productReference = 893BEB82223FB1D100C92EA1 /* OpenGLTest */;
			productType = "com.apple.product-type.tool";
		};
/* End PBXNativeTarget section */

/* Begin PBXProject section */
		893BEB7A223FB1D100C92EA1 /* Project object */ = {
			isa = PBXProject;
			attributes = {
				LastUpgradeCheck = 1010;
				ORGANIZATIONNAME = "罗 世通";
				TargetAttributes = {
					893BEB81223FB1D100C92EA1 = {
						CreatedOnToolsVersion = 10.1;
					};
				};
			};
			buildConfigurationList = 893BEB7D223FB1D100C92EA1 /* Build configuration list for PBXProject "OpenGLTest" */;
			compatibilityVersion = "Xcode 9.3";
			developmentRegion = en;
			hasScannedForEncodings = 0;
			knownRegions = (
				en,
			);
			mainGroup = 893BEB79223FB1D100C92EA1;
			productRefGroup = 893BEB83223FB1D100C92EA1 /* Products */;
			projectDirPath = "";
			projectRoot = "";
			targets = (
				893BEB81223FB1D100C92EA1 /* OpenGLTest */,
			);
		};
/* End PBXProject section */

/* Begin PBXSourcesBuildPhase section */
		893BEB7E223FB1D100C92EA1 /* Sources */ = {
			isa = PBXSourcesBuildPhase;
			buildActionMask = 2147483647;
			files = (
				893BEB86223FB1D100C92EA1 /* main.cpp in Sources */,
				893BEB98223FB31900C92EA1 /* glad.c in Sources */,
			);
			runOnlyForDeploymentPostprocessing = 0;
		};
/* End PBXSourcesBuildPhase section */

/* Begin XCBuildConfiguration section */
		893BEB87223FB1D100C92EA1 /* Debug */ = {
			isa = XCBuildConfiguration;
			buildSettings = {
				ALWAYS_SEARCH_USER_PATHS = NO;
				CLANG_ANALYZER_NONNULL = YES;
				CLANG_ANALYZER_NUMBER_OBJECT_CONVERSION = YES_AGGRESSIVE;
				CLANG_CXX_LANGUAGE_STANDARD = "gnu++14";
				CLANG_CXX_LIBRARY = "libc++";
				CLANG_ENABLE_MODULES = YES;
				CLANG_ENABLE_OBJC_ARC = YES;
				CLANG_ENABLE_OBJC_WEAK = YES;
				CLANG_WARN_BLOCK_CAPTURE_AUTORELEASING = YES;
				CLANG_WARN_BOOL_CONVERSION = YES;
				CLANG_WARN_COMMA = YES;
				CLANG_WARN_CONSTANT_CONVERSION = YES;
				CLANG_WARN_DEPRECATED_OBJC_IMPLEMENTATIONS = YES;
				CLANG_WARN_DIRECT_OBJC_ISA_USAGE = YES_ERROR;
				CLANG_WARN_DOCUMENTATION_COMMENTS = NO;
				CLANG_WARN_EMPTY_BODY = YES;
				CLANG_WARN_ENUM_CONVERSION = YES;
				CLANG_WARN_INFINITE_RECURSION = YES;
				CLANG_WARN_INT_CONVERSION = YES;
				CLANG_WARN_NON_LITERAL_NULL_CONVERSION = YES;
				CLANG_WARN_OBJC_IMPLICIT_RETAIN_SELF = YES;
				CLANG_WARN_OBJC_LITERAL_CONVERSION = YES;
				CLANG_WARN_OBJC_ROOT_CLASS = YES_ERROR;
				CLANG_WARN_RANGE_LOOP_ANALYSIS = YES;
				CLANG_WARN_STRICT_PROTOTYPES = YES;
				CLANG_WARN_SUSPICIOUS_MOVE = YES;
				CLANG_WARN_UNGUARDED_AVAILABILITY = YES_AGGRESSIVE;
				CLANG_WARN_UNREACHABLE_CODE = YES;
				CLANG_WARN__DUPLICATE_METHOD_MATCH = YES;
				CODE_SIGN_IDENTITY = "-";
				COPY_PHASE_STRIP = NO;
				DEBUG_INFORMATION_FORMAT = dwarf;
				ENABLE_STRICT_OBJC_MSGSEND = YES;
				ENABLE_TESTABILITY = YES;
				GCC_C_LANGUAGE_STANDARD = gnu11;
				GCC_DYNAMIC_NO_PIC = NO;
				GCC_NO_COMMON_BLOCKS = YES;
				GCC_OPTIMIZATION_LEVEL = 0;
				GCC_PREPROCESSOR_DEFINITIONS = (
					"DEBUG=1",
					"$(inherited)",
				);
				GCC_WARN_64_TO_32_BIT_CONVERSION = YES;
				GCC_WARN_ABOUT_RETURN_TYPE = YES_ERROR;
				GCC_WARN_UNDECLARED_SELECTOR = YES;
				GCC_WARN_UNINITIALIZED_AUTOS = YES_AGGRESSIVE;
				GCC_WARN_UNUSED_FUNCTION = YES;
				GCC_WARN_UNUSED_VARIABLE = YES;
				MACOSX_DEPLOYMENT_TARGET = 10.14;
				MTL_ENABLE_DEBUG_INFO = INCLUDE_SOURCE;
				MTL_FAST_MATH = YES;
				ONLY_ACTIVE_ARCH = YES;
				SDKROOT = macosx;
			};
			name = Debug;
		};
		893BEB88223FB1D100C92EA1 /* Release */ = {
			isa = XCBuildConfiguration;
			buildSettings = {
				ALWAYS_SEARCH_USER_PATHS = NO;
				CLANG_ANALYZER_NONNULL = YES;
				CLANG_ANALYZER_NUMBER_OBJECT_CONVERSION = YES_AGGRESSIVE;
				CLANG_CXX_LANGUAGE_STANDARD = "gnu++14";
				CLANG_CXX_LIBRARY = "libc++";
				CLANG_ENABLE_MODULES = YES;
				CLANG_ENABLE_OBJC_ARC = YES;
				CLANG_ENABLE_OBJC_WEAK = YES;
				CLANG_WARN_BLOCK_CAPTURE_AUTORELEASING = YES;
				CLANG_WARN_BOOL_CONVERSION = YES;
				CLANG_WARN_COMMA = YES;
				CLANG_WARN_CONSTANT_CONVERSION = YES;
				CLANG_WARN_DEPRECATED_OBJC_IMPLEMENTATIONS = YES;
				CLANG_WARN_DIRECT_OBJC_ISA_USAGE = YES_ERROR;
				CLANG_WARN_DOCUMENTATION_COMMENTS = NO;
				CLANG_WARN_EMPTY_BODY = YES;
				CLANG_WARN_ENUM_CONVERSION = YES;
				CLANG_WARN_INFINITE_RECURSION = YES;
				CLANG_WARN_INT_CONVERSION = YES;
				CLANG_WARN_NON_LITERAL_NULL_CONVERSION = YES;
				CLANG_WARN_OBJC_IMPLICIT_RETAIN_SELF = YES;
				CLANG_WARN_OBJC_LITERAL_CONVERSION = YES;
				CLANG_WARN_OBJC_ROOT_CLASS = YES_ERROR;
				CLANG_WARN_RANGE_LOOP_ANALYSIS = YES;
				CLANG_WARN_STRICT_PROTOTYPES = YES;
				CLANG_WARN_SUSPICIOUS_MOVE = YES;
				CLANG_WARN_UNGUARDED_AVAILABILITY = YES_AGGRESSIVE;
				CLANG_WARN_UNREACHABLE_CODE = YES;
				CLANG_WARN__DUPLICATE_METHOD_MATCH = YES;
				CODE_SIGN_IDENTITY = "-";
				COPY_PHASE_STRIP = NO;
				DEBUG_INFORMATION_FORMAT = "dwarf-with-dsym";
				ENABLE_NS_ASSERTIONS = NO;
				ENABLE_STRICT_OBJC_MSGSEND = YES;
				GCC_C_LANGUAGE_STANDARD = gnu11;
				GCC_NO_COMMON_BLOCKS = YES;
				GCC_WARN_64_TO_32_BIT_CONVERSION = YES;
				GCC_WARN_ABOUT_RETURN_TYPE = YES_ERROR;
				GCC_WARN_UNDECLARED_SELECTOR = YES;
				GCC_WARN_UNINITIALIZED_AUTOS = YES_AGGRESSIVE;
				GCC_WARN_UNUSED_FUNCTION = YES;
				GCC_WARN_UNUSED_VARIABLE = YES;
				MACOSX_DEPLOYMENT_TARGET = 10.14;
				MTL_ENABLE_DEBUG_INFO = NO;
				MTL_FAST_MATH = YES;
				SDKROOT = macosx;
			};
			name = Release;
		};
		893BEB8A223FB1D100C92EA1 /* Debug */ = {
			isa = XCBuildConfiguration;
			buildSettings = {
				CODE_SIGN_STYLE = Automatic;
				HEADER_SEARCH_PATHS = (
					/usr/local/include/,
					./glad/include,
					./include,
				);
				LIBRARY_SEARCH_PATHS = (
					"$(inherited)",
					/usr/local/Cellar/glfw/3.2.1/lib,
					/usr/local/lib/,
					/usr/local/Cellar/assimp/4.1.0/lib,
				);
				PRODUCT_NAME = "$(TARGET_NAME)";
			};
			name = Debug;
		};
		893BEB8B223FB1D100C92EA1 /* Release */ = {
			isa = XCBuildConfiguration;
			buildSettings = {
				CODE_SIGN_STYLE = Automatic;
				HEADER_SEARCH_PATHS = (
					/usr/local/include/,
					./glad/include,
					./include,
				);
				LIBRARY_SEARCH_PATHS = (
					"$(inherited)",
					/usr/local/Cellar/glfw/3.2.1/lib,
					/usr/local/lib/,
					/usr/local/Cellar/assimp/4.1.0/lib,
				);
				PRODUCT_NAME = "$(TARGET_NAME)";
			};
			name = Release;
		};
/* End XCBuildConfiguration section */

/* Begin XCConfigurationList section */
		893BEB7D223FB1D100C92EA1 /* Build configuration list for PBXProject "OpenGLTest" */ = {
			isa = XCConfigurationList;
			buildConfigurations = (
				893BEB87223FB1D100C92EA1 /* Debug */,
				893BEB88223FB1D100C92EA1 /* Release */,
			);
			defaultConfigurationIsVisible = 0;
			defaultConfigurationName = Release;
		};
		893BEB89223FB1D100C92EA1 /* Build configuration list for PBXNativeTarget "OpenGLTest" */ = {
			isa = XCConfigurationList;
			buildConfigurations = (
				893BEB8A223FB1D100C92EA1 /* Debug */,
				893BEB8B223FB1D100C92EA1 /* Release */,
			);
			defaultConfigurationIsVisible = 0;
			defaultConfigurationName = Release;
		};
/* End XCConfigurationList section */
	};
	rootObject = 893BEB7A223FB1D100C92EA1 /* Project object */;
}
