// !$*UTF8*$!
{
	archiveVersion = 1;
	classes = {
	};
	objectVersion = 50;
	objects = {

/* Begin PBXBuildFile section */
		893BEB86223FB1D100C92EA1 /* main.cpp in Sources */ = {isa = PBXBuildFile; fileRef = 893BEB85223FB1D100C92EA1 /* main.cpp */; };
		893BEB8E223FB28200C92EA1 /* IOKit.framework in Frameworks */ = {isa = PBXBuildFile; fileRef = 893BEB8D223FB28200C92EA1 /* IOKit.framework */; };
		893BEB90223FB28800C92EA1 /* Cocoa.framework in Frameworks */ = {isa = PBXBuildFile; fileRef = 893BEB8F223FB28800C92EA1 /* Cocoa.framework */; };
		893BEB92223FB28E00C92EA1 /* OpenGL.framework in Frameworks */ = {isa = PBXBuildFile; fileRef = 893BEB91223FB28E00C92EA1 /* OpenGL.framework */; };
		893BEB94223FB29500C92EA1 /* CoreVideo.framework in Frameworks */ = {isa = PBXBuildFile; fileRef = 893BEB93223FB29500C92EA1 /* CoreVideo.framework */; };
		893BEB96223FB2A000C92EA1 /* libglfw.3.2.dylib in Frameworks */ = {isa = PBXBuildFile; fileRef = 893BEB95223FB2A000C92EA1 /* libglfw.3.2.dylib */; };
		893BEB98223FB31900C92EA1 /* glad.c in Sources */ = {isa = PBXBuildFile; fileRef = 893BEB97223FB31900C92EA1 /* glad.c */; };
/* End PBXBuildFile section */

/* Begin PBXCopyFilesBuildPhase section */
		893BEB80223FB1D100C92EA1 /* CopyFiles */ = {
			isa = PBXCopyFilesBuildPhase;
			buildActionMask = 2147483647;
			dstPath = /usr/share/man/man1/;
			dstSubfolderSpec = 0;
			files = (
			);
			runOnlyForDeploymentPostprocessing = 1;
		};
/* End PBXCopyFilesBuildPhase section */

/* Begin PBXFileReference section */
		8912EF49223FD0A80040AE27 /* loader.hpp */ = {isa = PBXFileReference; lastKnownFileType = sourcecode.cpp.h; path = loader.hpp; sourceTree = "<group>"; };
		8912EF4A223FD1ED0040AE27 /* support.hpp */ = {isa = PBXFileReference; lastKnownFileType = sourcecode.cpp.h; path = support.hpp; sourceTree = "<group>"; };
		8912EF4C223FDE200040AE27 /* Window.hpp */ = {isa = PBXFileReference; lastKnownFileType = sourcecode.cpp.h; path = Window.hpp; sourceTree = "<group>"; };
		8912EF4E223FE1EA0040AE27 /* Exception.hpp */ = {isa = PBXFileReference; lastKnownFileType = sourcecode.cpp.h; path = Exception.hpp; sourceTree = "<group>"; };
		8912EF50223FE5800040AE27 /* GLFW.hpp */ = {isa = PBXFileReference; lastKnownFileType = sourcecode.cpp.h; path = GLFW.hpp; sourceTree = "<group>"; };
		8912EF53223FF44C0040AE27 /* Shader.hpp */ = {isa = PBXFileReference; lastKnownFileType = sourcecode.cpp.h; path = Shader.hpp; sourceTree = "<group>"; };
		893BEB82223FB1D100C92EA1 /* OpenGLTest */ = {isa = PBXFileReference; explicitFileType = "compiled.mach-o.executable"; includeInIndex = 0; path = OpenGLTest; sourceTree = BUILT_PRODUCTS_DIR; };
		893BEB85223FB1D100C92EA1 /* main.cpp */ = {isa = PBXFileReference; lastKnownFileType = sourcecode.cpp.cpp; path = main.cpp; sourceTree = "<group>"; };
		893BEB8D223FB28200C92EA1 /* IOKit.framework */ = {isa = PBXFileReference; lastKnownFileType = wrapper.framework; name = IOKit.framework; path = System/Library/Frameworks/IOKit.framework; sourceTree = SDKROOT; };
		893BEB8F223FB28800C92EA1 /* Cocoa.framework */ = {isa = PBXFileReference; lastKnownFileType = wrapper.framework; name = Cocoa.framework; path = System/Library/Frameworks/Cocoa.framework; sourceTree = SDKROOT; };
		893BEB91223FB28E00C92EA1 /* OpenGL.framework */ = {isa = PBXFileReference; lastKnownFileType = wrapper.framework; name = OpenGL.framework; path = System/Library/Frameworks/OpenGL.framework; sourceTree = SDKROOT; };
		893BEB93223FB29500C92EA1 /* CoreVideo.framework */ = {isa = PBXFileReference; lastKnownFileType = wrapper.framework; name = CoreVideo.framework; path = System/Library/Frameworks/CoreVideo.framework; sourceTree = SDKROOT; };
		893BEB95223FB2A000C92EA1 /* libglfw.3.2.dylib */ = {isa = PBXFileReference; lastKnownFileType = "compiled.mach-o.dylib"; name = libglfw.3.2.dylib; path = ../../../../../usr/local/Cellar/glfw/3.2.1/lib/libglfw.3.2.dylib; sourceTree = "<group>"; };
		893BEB97223FB31900C92EA1 /* glad.c */ = {isa = PBXFileReference; fileEncoding = 4; lastKnownFileType = sourcecode.c.c; name = glad.c; path = glad/src/glad.c; sourceTree = SOURCE_ROOT; };
		893BEB9A223FB64200C92EA1 /* simple.vert */ = {isa = PBXFileReference; lastKnownFileType = sourcecode.glsl; path = simple.vert; sourceTree = "<group>"; };
/* End PBXFileReference section */

/* Begin PBXFrameworksBuildPhase section */
		893BEB7F223FB1D100C92EA1 /* Frameworks */ = {
			isa = PBXFrameworksBuildPhase;
			buildActionMask = 2147483647;
			files = (
				893BEB96223FB2A000C92EA1 /* libglfw.3.2.dylib in Frameworks */,
				893BEB94223FB29500C92EA1 /* CoreVideo.framework in Frameworks */,
				893BEB92223FB28E00C92EA1 /* OpenGL.framework in Frameworks */,
				893BEB90223FB28800C92EA1 /* Cocoa.framework in Frameworks */,
				893BEB8E223FB28200C92EA1 /* IOKit.framework in Frameworks */,
			);
			runOnlyForDeploymentPostprocessing = 0;
		};
/* End PBXFrameworksBuildPhase section */

/* Begin PBXGroup section */
		893BEB79223FB1D100C92EA1 = {
			isa = PBXGroup;
			children = (
				893BEB9B223FC19A00C92EA1 /* WrappedGLFW */,
				893BEB99223FB62D00C92EA1 /* Shaders */,
				893BEB84223FB1D100C92EA1 /* OpenGLTest */,
				893BEB83223FB1D100C92EA1 /* Products */,
				893BEB8C223FB28200C92EA1 /* Frameworks */,
			);
			sourceTree = "<group>";
		};
		893BEB83223FB1D100C92EA1 /* Products */ = {
			isa = PBXGroup;
			children = (
				893BEB82223FB1D100C92EA1 /* OpenGLTest */,
			);
			name = Products;
			sourceTree = "<group>";
		};
		893BEB84223FB1D100C92EA1 /* OpenGLTest */ = {
			isa = PBXGroup;
			children = (
				893BEB85223FB1D100C92EA1 /* main.cpp */,
				893BEB97223FB31900C92EA1 /* glad.c */,
			);
			path = OpenGLTest;
			sourceTree = "<group>";
		};
		893BEB8C223FB28200C92EA1 /* Frameworks */ = {
			isa = PBXGroup;
			children = (
				893BEB95223FB2A000C92EA1 /* libglfw.3.2.dylib */,
				893BEB93223FB29500C92EA1 /* CoreVideo.framework */,
				893BEB91223FB28E00C92EA1 /* OpenGL.framework */,
				893BEB8F223FB28800C92EA1 /* Cocoa.framework */,
				893BEB8D223FB28200C92EA1 /* IOKit.framework */,
			);
			name = Frameworks;
			sourceTree = "<group>";
		};
		893BEB99223FB62D00C92EA1 /* Shaders */ = {
			isa = PBXGroup;
			children = (
				893BEB9A223FB64200C92EA1 /* simple.vert */,
			);
			path = Shaders;
			sourceTree = "<group>";
		};
		893BEB9B223FC19A00C92EA1 /* WrappedGLFW */ = {
			isa = PBXGroup;
			children = (
				8912EF50223FE5800040AE27 /* GLFW.hpp */,
				8912EF4E223FE1EA0040AE27 /* Exception.hpp */,
				8912EF4C223FDE200040AE27 /* Window.hpp */,
				8912EF53223FF44C0040AE27 /* Shader.hpp */,
				8912EF4A223FD1ED0040AE27 /* support.hpp */,
				8912EF49223FD0A80040AE27 /* loader.hpp */,
			);
			path = WrappedGLFW;
			sourceTree = "<group>";
		};
/* End PBXGroup section */

/* Begin PBXNativeTarget section */
		893BEB81223FB1D100C92EA1 /* OpenGLTest */ = {
			isa = PBXNativeTarget;
			buildConfigurationList = 893BEB89223FB1D100C92EA1 /* Build configuration list for PBXNativeTarget "OpenGLTest" */;
			buildPhases = (
				893BEB7E223FB1D100C92EA1 /* Sources */,
				893BEB7F223FB1D100C92EA1 /* Frameworks */,
				893BEB80223FB1D100C92EA1 /* CopyFiles */,
			);
			buildRules = (
			);
			dependencies = (
			);
			name = OpenGLTest;
			productName = OpenGLTest;
			productReference = 893BEB82223FB1D100C92EA1 /* OpenGLTest */;
			productType = "com.apple.product-type.tool";
		};
/* End PBXNativeTarget section */

/* Begin PBXProject section */
		893BEB7A223FB1D100C92EA1 /* Project object */ = {
			isa = PBXProject;
			attributes = {
				LastUpgradeCheck = 1010;
				ORGANIZATIONNAME = "罗 世通";
				TargetAttributes = {
					893BEB81223FB1D100C92EA1 = {
						CreatedOnToolsVersion = 10.1;
					};
				};
			};
			buildConfigurationList = 893BEB7D223FB1D100C92EA1 /* Build configuration list for PBXProject "OpenGLTest" */;
			compatibilityVersion = "Xcode 9.3";
			developmentRegion = en;
			hasScannedForEncodings = 0;
			knownRegions = (
				en,
			);
			mainGroup = 893BEB79223FB1D100C92EA1;
			productRefGroup = 893BEB83223FB1D100C92EA1 /* Products */;
			projectDirPath = "";
			projectRoot = "";
			targets = (
				893BEB81223FB1D100C92EA1 /* OpenGLTest */,
			);
		};
/* End PBXProject section */

/* Begin PBXSourcesBuildPhase section */
		893BEB7E223FB1D100C92EA1 /* Sources */ = {
			isa = PBXSourcesBuildPhase;
			buildActionMask = 2147483647;
			files = (
				893BEB86223FB1D100C92EA1 /* main.cpp in Sources */,
				893BEB98223FB31900C92EA1 /* glad.c in Sources */,
			);
			runOnlyForDeploymentPostprocessing = 0;
		};
/* End PBXSourcesBuildPhase section */

/* Begin XCBuildConfiguration section */
		893BEB87223FB1D100C92EA1 /* Debug */ = {
			isa = XCBuildConfiguration;
			buildSettings = {
				ALWAYS_SEARCH_USER_PATHS = NO;
				CLANG_ANALYZER_NONNULL = YES;
				CLANG_ANALYZER_NUMBER_OBJECT_CONVERSION = YES_AGGRESSIVE;
				CLANG_CXX_LANGUAGE_STANDARD = "gnu++14";
				CLANG_CXX_LIBRARY = "libc++";
				CLANG_ENABLE_MODULES = YES;
				CLANG_ENABLE_OBJC_ARC = YES;
				CLANG_ENABLE_OBJC_WEAK = YES;
				CLANG_WARN_BLOCK_CAPTURE_AUTORELEASING = YES;
				CLANG_WARN_BOOL_CONVERSION = YES;
				CLANG_WARN_COMMA = YES;
				CLANG_WARN_CONSTANT_CONVERSION = YES;
				CLANG_WARN_DEPRECATED_OBJC_IMPLEMENTATIONS = YES;
				CLANG_WARN_DIRECT_OBJC_ISA_USAGE = YES_ERROR;
				CLANG_WARN_DOCUMENTATION_COMMENTS = NO;
				CLANG_WARN_EMPTY_BODY = YES;
				CLANG_WARN_ENUM_CONVERSION = YES;
				CLANG_WARN_INFINITE_RECURSION = YES;
				CLANG_WARN_INT_CONVERSION = YES;
				CLANG_WARN_NON_LITERAL_NULL_CONVERSION = YES;
				CLANG_WARN_OBJC_IMPLICIT_RETAIN_SELF = YES;
				CLANG_WARN_OBJC_LITERAL_CONVERSION = YES;
				CLANG_WARN_OBJC_ROOT_CLASS = YES_ERROR;
				CLANG_WARN_RANGE_LOOP_ANALYSIS = YES;
				CLANG_WARN_STRICT_PROTOTYPES = YES;
				CLANG_WARN_SUSPICIOUS_MOVE = YES;
				CLANG_WARN_UNGUARDED_AVAILABILITY = YES_AGGRESSIVE;
				CLANG_WARN_UNREACHABLE_CODE = YES;
				CLANG_WARN__DUPLICATE_METHOD_MATCH = YES;
				CODE_SIGN_IDENTITY = "-";
				COPY_PHASE_STRIP = NO;
				DEBUG_INFORMATION_FORMAT = dwarf;
				ENABLE_STRICT_OBJC_MSGSEND = YES;
				ENABLE_TESTABILITY = YES;
				GCC_C_LANGUAGE_STANDARD = gnu11;
				GCC_DYNAMIC_NO_PIC = NO;
				GCC_NO_COMMON_BLOCKS = YES;
				GCC_OPTIMIZATION_LEVEL = 0;
				GCC_PREPROCESSOR_DEFINITIONS = (
					"DEBUG=1",
					"$(inherited)",
				);
				GCC_WARN_64_TO_32_BIT_CONVERSION = YES;
				GCC_WARN_ABOUT_RETURN_TYPE = YES_ERROR;
				GCC_WARN_UNDECLARED_SELECTOR = YES;
				GCC_WARN_UNINITIALIZED_AUTOS = YES_AGGRESSIVE;
				GCC_WARN_UNUSED_FUNCTION = YES;
				GCC_WARN_UNUSED_VARIABLE = YES;
				MACOSX_DEPLOYMENT_TARGET = 10.14;
				MTL_ENABLE_DEBUG_INFO = INCLUDE_SOURCE;
				MTL_FAST_MATH = YES;
				ONLY_ACTIVE_ARCH = YES;
				SDKROOT = macosx;
			};
			name = Debug;
		};
		893BEB88223FB1D100C92EA1 /* Release */ = {
			isa = XCBuildConfiguration;
			buildSettings = {
				ALWAYS_SEARCH_USER_PATHS = NO;
				CLANG_ANALYZER_NONNULL = YES;
				CLANG_ANALYZER_NUMBER_OBJECT_CONVERSION = YES_AGGRESSIVE;
				CLANG_CXX_LANGUAGE_STANDARD = "gnu++14";
				CLANG_CXX_LIBRARY = "libc++";
				CLANG_ENABLE_MODULES = YES;
				CLANG_ENABLE_OBJC_ARC = YES;
				CLANG_ENABLE_OBJC_WEAK = YES;
				CLANG_WARN_BLOCK_CAPTURE_AUTORELEASING = YES;
				CLANG_WARN_BOOL_CONVERSION = YES;
				CLANG_WARN_COMMA = YES;
				CLANG_WARN_CONSTANT_CONVERSION = YES;
				CLANG_WARN_DEPRECATED_OBJC_IMPLEMENTATIONS = YES;
				CLANG_WARN_DIRECT_OBJC_ISA_USAGE = YES_ERROR;
				CLANG_WARN_DOCUMENTATION_COMMENTS = NO;
				CLANG_WARN_EMPTY_BODY = YES;
				CLANG_WARN_ENUM_CONVERSION = YES;
				CLANG_WARN_INFINITE_RECURSION = YES;
				CLANG_WARN_INT_CONVERSION = YES;
				CLANG_WARN_NON_LITERAL_NULL_CONVERSION = YES;
				CLANG_WARN_OBJC_IMPLICIT_RETAIN_SELF = YES;
				CLANG_WARN_OBJC_LITERAL_CONVERSION = YES;
				CLANG_WARN_OBJC_ROOT_CLASS = YES_ERROR;
				CLANG_WARN_RANGE_LOOP_ANALYSIS = YES;
				CLANG_WARN_STRICT_PROTOTYPES = YES;
				CLANG_WARN_SUSPICIOUS_MOVE = YES;
				CLANG_WARN_UNGUARDED_AVAILABILITY = YES_AGGRESSIVE;
				CLANG_WARN_UNREACHABLE_CODE = YES;
				CLANG_WARN__DUPLICATE_METHOD_MATCH = YES;
				CODE_SIGN_IDENTITY = "-";
				COPY_PHASE_STRIP = NO;
				DEBUG_INFORMATION_FORMAT = "dwarf-with-dsym";
				ENABLE_NS_ASSERTIONS = NO;
				ENABLE_STRICT_OBJC_MSGSEND = YES;
				GCC_C_LANGUAGE_STANDARD = gnu11;
				GCC_NO_COMMON_BLOCKS = YES;
				GCC_WARN_64_TO_32_BIT_CONVERSION = YES;
				GCC_WARN_ABOUT_RETURN_TYPE = YES_ERROR;
				GCC_WARN_UNDECLARED_SELECTOR = YES;
				GCC_WARN_UNINITIALIZED_AUTOS = YES_AGGRESSIVE;
				GCC_WARN_UNUSED_FUNCTION = YES;
				GCC_WARN_UNUSED_VARIABLE = YES;
				MACOSX_DEPLOYMENT_TARGET = 10.14;
				MTL_ENABLE_DEBUG_INFO = NO;
				MTL_FAST_MATH = YES;
				SDKROOT = macosx;
			};
			name = Release;
		};
		893BEB8A223FB1D100C92EA1 /* Debug */ = {
			isa = XCBuildConfiguration;
			buildSettings = {
				CODE_SIGN_STYLE = Automatic;
				HEADER_SEARCH_PATHS = (
					/usr/local/include/,
					./glad/include,
				);
				LIBRARY_SEARCH_PATHS = (
					"$(inherited)",
					/usr/local/Cellar/glfw/3.2.1/lib,
					/usr/local/lib/,
				);
				PRODUCT_NAME = "$(TARGET_NAME)";
			};
			name = Debug;
		};
		893BEB8B223FB1D100C92EA1 /* Release */ = {
			isa = XCBuildConfiguration;
			buildSettings = {
				CODE_SIGN_STYLE = Automatic;
				HEADER_SEARCH_PATHS = (
					/usr/local/include/,
					./glad/include,
				);
				LIBRARY_SEARCH_PATHS = (
					"$(inherited)",
					/usr/local/Cellar/glfw/3.2.1/lib,
					/usr/local/lib/,
				);
				PRODUCT_NAME = "$(TARGET_NAME)";
			};
			name = Release;
		};
/* End XCBuildConfiguration section */

/* Begin XCConfigurationList section */
		893BEB7D223FB1D100C92EA1 /* Build configuration list for PBXProject "OpenGLTest" */ = {
			isa = XCConfigurationList;
			buildConfigurations = (
				893BEB87223FB1D100C92EA1 /* Debug */,
				893BEB88223FB1D100C92EA1 /* Release */,
			);
			defaultConfigurationIsVisible = 0;
			defaultConfigurationName = Release;
		};
		893BEB89223FB1D100C92EA1 /* Build configuration list for PBXNativeTarget "OpenGLTest" */ = {
			isa = XCConfigurationList;
			buildConfigurations = (
				893BEB8A223FB1D100C92EA1 /* Debug */,
				893BEB8B223FB1D100C92EA1 /* Release */,
			);
			defaultConfigurationIsVisible = 0;
			defaultConfigurationName = Release;
		};
/* End XCConfigurationList section */
	};
	rootObject = 893BEB7A223FB1D100C92EA1 /* Project object */;
}
