// !$*UTF8*$!
{
	archiveVersion = 1;
	classes = {
	};
	objectVersion = 50;
	objects = {

/* Begin PBXBuildFile section */
		893BEB86223FB1D100C92EA1 /* main.cpp in Sources */ = {isa = PBXBuildFile; fileRef = 893BEB85223FB1D100C92EA1 /* main.cpp */; };
		893BEB8E223FB28200C92EA1 /* IOKit.framework in Frameworks */ = {isa = PBXBuildFile; fileRef = 893BEB8D223FB28200C92EA1 /* IOKit.framework */; };
		893BEB90223FB28800C92EA1 /* Cocoa.framework in Frameworks */ = {isa = PBXBuildFile; fileRef = 893BEB8F223FB28800C92EA1 /* Cocoa.framework */; };
		893BEB92223FB28E00C92EA1 /* OpenGL.framework in Frameworks */ = {isa = PBXBuildFile; fileRef = 893BEB91223FB28E00C92EA1 /* OpenGL.framework */; };
		893BEB94223FB29500C92EA1 /* CoreVideo.framework in Frameworks */ = {isa = PBXBuildFile; fileRef = 893BEB93223FB29500C92EA1 /* CoreVideo.framework */; };
		893BEB96223FB2A000C92EA1 /* libglfw.3.2.dylib in Frameworks */ = {isa = PBXBuildFile; fileRef = 893BEB95223FB2A000C92EA1 /* libglfw.3.2.dylib */; };
		894C67AB224C6906001FEB32 /* libassimp.4.1.0.dylib in Frameworks */ = {isa = PBXBuildFile; fileRef = 894C67AA224C6906001FEB32 /* libassimp.4.1.0.dylib */; };
		8991FC002254A84800240AC0 /* glad.c in Sources */ = {isa = PBXBuildFile; fileRef = 8991FBFE2254A7F000240AC0 /* glad.c */; };
/* End PBXBuildFile section */

/* Begin PBXCopyFilesBuildPhase section */
		893BEB80223FB1D100C92EA1 /* Copy Files */ = {
			isa = PBXCopyFilesBuildPhase;
			buildActionMask = 2147483647;
			dstPath = /usr/share/man/man1/;
			dstSubfolderSpec = 0;
			files = (
			);
			name = "Copy Files";
			runOnlyForDeploymentPostprocessing = 1;
		};
/* End PBXCopyFilesBuildPhase section */

/* Begin PBXFileReference section */
		8912EF49223FD0A80040AE27 /* loader.hpp */ = {isa = PBXFileReference; lastKnownFileType = sourcecode.cpp.h; path = loader.hpp; sourceTree = "<group>"; };
		8912EF4A223FD1ED0040AE27 /* support.hpp */ = {isa = PBXFileReference; lastKnownFileType = sourcecode.cpp.h; path = support.hpp; sourceTree = "<group>"; };
		8912EF4C223FDE200040AE27 /* Window.hpp */ = {isa = PBXFileReference; lastKnownFileType = sourcecode.cpp.h; path = Window.hpp; sourceTree = "<group>"; };
		8912EF4E223FE1EA0040AE27 /* Exception.hpp */ = {isa = PBXFileReference; lastKnownFileType = sourcecode.cpp.h; path = Exception.hpp; sourceTree = "<group>"; };
		8912EF50223FE5800040AE27 /* GLFW.hpp */ = {isa = PBXFileReference; lastKnownFileType = sourcecode.cpp.h; path = GLFW.hpp; sourceTree = "<group>"; };
		8912EF53223FF44C0040AE27 /* Shader.hpp */ = {isa = PBXFileReference; lastKnownFileType = sourcecode.cpp.h; path = Shader.hpp; sourceTree = "<group>"; };
		8912EF54223FFA950040AE27 /* Program.hpp */ = {isa = PBXFileReference; lastKnownFileType = sourcecode.cpp.h; path = Program.hpp; sourceTree = "<group>"; };
		8912EF55223FFD840040AE27 /* GL.hpp */ = {isa = PBXFileReference; lastKnownFileType = sourcecode.cpp.h; path = GL.hpp; sourceTree = "<group>"; };
		8912EF562240048F0040AE27 /* VertexArray.hpp */ = {isa = PBXFileReference; lastKnownFileType = sourcecode.cpp.h; path = VertexArray.hpp; sourceTree = "<group>"; };
		8912EF57224009C70040AE27 /* ArrayBuffer.hpp */ = {isa = PBXFileReference; lastKnownFileType = sourcecode.cpp.h; path = ArrayBuffer.hpp; sourceTree = "<group>"; };
		8912EF582240809C0040AE27 /* simple.frag */ = {isa = PBXFileReference; lastKnownFileType = sourcecode.glsl; path = simple.frag; sourceTree = "<group>"; };
		8912EF5D224094430040AE27 /* mipmaps.png */ = {isa = PBXFileReference; lastKnownFileType = image.png; path = mipmaps.png; sourceTree = "<group>"; };
		8912EF5E2240983C0040AE27 /* Texture.hpp */ = {isa = PBXFileReference; lastKnownFileType = sourcecode.cpp.h; path = Texture.hpp; sourceTree = "<group>"; };
		8912EF602240A9D20040AE27 /* wall.jpg */ = {isa = PBXFileReference; lastKnownFileType = image.jpeg; path = wall.jpg; sourceTree = "<group>"; };
		8912EF6122471E6C0040AE27 /* Camera.hpp */ = {isa = PBXFileReference; lastKnownFileType = sourcecode.cpp.h; path = Camera.hpp; sourceTree = "<group>"; };
		8912EF67224769BD0040AE27 /* playground.hpp */ = {isa = PBXFileReference; lastKnownFileType = sourcecode.cpp.h; path = playground.hpp; sourceTree = "<group>"; };
		8912EF6822476AB00040AE27 /* basic.hpp */ = {isa = PBXFileReference; lastKnownFileType = sourcecode.cpp.h; path = basic.hpp; sourceTree = "<group>"; };
		8912EF6B22476D5C0040AE27 /* basic_lighting.hpp */ = {isa = PBXFileReference; lastKnownFileType = sourcecode.cpp.h; path = basic_lighting.hpp; sourceTree = "<group>"; };
		8912EF6C22476D870040AE27 /* base.hpp */ = {isa = PBXFileReference; lastKnownFileType = sourcecode.cpp.h; path = base.hpp; sourceTree = "<group>"; };
		8912EF6E22476F320040AE27 /* basic.vert */ = {isa = PBXFileReference; lastKnownFileType = sourcecode.glsl; path = basic.vert; sourceTree = "<group>"; };
		8912EF6F224770220040AE27 /* lamp.frag */ = {isa = PBXFileReference; lastKnownFileType = sourcecode.glsl; path = lamp.frag; sourceTree = "<group>"; };
		8912EF702247707E0040AE27 /* object.frag */ = {isa = PBXFileReference; lastKnownFileType = sourcecode.glsl; path = object.frag; sourceTree = "<group>"; };
		893BEB82223FB1D100C92EA1 /* OpenGLLab */ = {isa = PBXFileReference; explicitFileType = "compiled.mach-o.executable"; includeInIndex = 0; path = OpenGLLab; sourceTree = BUILT_PRODUCTS_DIR; };
		893BEB85223FB1D100C92EA1 /* main.cpp */ = {isa = PBXFileReference; lastKnownFileType = sourcecode.cpp.cpp; path = main.cpp; sourceTree = "<group>"; };
		893BEB8D223FB28200C92EA1 /* IOKit.framework */ = {isa = PBXFileReference; lastKnownFileType = wrapper.framework; name = IOKit.framework; path = System/Library/Frameworks/IOKit.framework; sourceTree = SDKROOT; };
		893BEB8F223FB28800C92EA1 /* Cocoa.framework */ = {isa = PBXFileReference; lastKnownFileType = wrapper.framework; name = Cocoa.framework; path = System/Library/Frameworks/Cocoa.framework; sourceTree = SDKROOT; };
		893BEB91223FB28E00C92EA1 /* OpenGL.framework */ = {isa = PBXFileReference; lastKnownFileType = wrapper.framework; name = OpenGL.framework; path = System/Library/Frameworks/OpenGL.framework; sourceTree = SDKROOT; };
		893BEB93223FB29500C92EA1 /* CoreVideo.framework */ = {isa = PBXFileReference; lastKnownFileType = wrapper.framework; name = CoreVideo.framework; path = System/Library/Frameworks/CoreVideo.framework; sourceTree = SDKROOT; };
		893BEB95223FB2A000C92EA1 /* libglfw.3.2.dylib */ = {isa = PBXFileReference; lastKnownFileType = "compiled.mach-o.dylib"; name = libglfw.3.2.dylib; path = ../../../../../usr/local/Cellar/glfw/3.2.1/lib/libglfw.3.2.dylib; sourceTree = "<group>"; };
		893BEB9A223FB64200C92EA1 /* simple.vert */ = {isa = PBXFileReference; lastKnownFileType = sourcecode.glsl; path = simple.vert; sourceTree = "<group>"; };
		8941CBA422567F2D0028FC72 /* Skybox.hpp */ = {isa = PBXFileReference; lastKnownFileType = sourcecode.cpp.h; path = Skybox.hpp; sourceTree = "<group>"; };
		8941CBA5225681F60028FC72 /* skybox.hpp */ = {isa = PBXFileReference; lastKnownFileType = sourcecode.cpp.h; path = skybox.hpp; sourceTree = "<group>"; };
		894C67A9224C6404001FEB32 /* model.hpp */ = {isa = PBXFileReference; lastKnownFileType = sourcecode.cpp.h; path = model.hpp; sourceTree = "<group>"; };
		894C67AA224C6906001FEB32 /* libassimp.4.1.0.dylib */ = {isa = PBXFileReference; lastKnownFileType = "compiled.mach-o.dylib"; name = libassimp.4.1.0.dylib; path = ../../../../../usr/local/Cellar/assimp/4.1.0/lib/libassimp.4.1.0.dylib; sourceTree = "<group>"; };
		894C67AC224C6BBF001FEB32 /* Mesh.hpp */ = {isa = PBXFileReference; lastKnownFileType = sourcecode.cpp.h; path = Mesh.hpp; sourceTree = "<group>"; };
		8991FBAB224F7ED400240AC0 /* Box.hpp */ = {isa = PBXFileReference; lastKnownFileType = sourcecode.cpp.h; path = Box.hpp; sourceTree = "<group>"; };
		8991FBAC224F833E00240AC0 /* PointLight.hpp */ = {isa = PBXFileReference; lastKnownFileType = sourcecode.cpp.h; path = PointLight.hpp; sourceTree = "<group>"; };
		8991FBAD224F8B5500240AC0 /* depth_stencil_test.hpp */ = {isa = PBXFileReference; lastKnownFileType = sourcecode.cpp.h; path = depth_stencil_test.hpp; sourceTree = "<group>"; };
		8991FBAF224F8BCC00240AC0 /* box.vert */ = {isa = PBXFileReference; lastKnownFileType = sourcecode.glsl; path = box.vert; sourceTree = "<group>"; };
		8991FBB0224F8C1A00240AC0 /* box.frag */ = {isa = PBXFileReference; lastKnownFileType = sourcecode.glsl; path = box.frag; sourceTree = "<group>"; };
		8991FBB1224F973800240AC0 /* Floor.hpp */ = {isa = PBXFileReference; lastKnownFileType = sourcecode.cpp.h; path = Floor.hpp; sourceTree = "<group>"; };
		8991FBB2224F981300240AC0 /* depth_test.frag */ = {isa = PBXFileReference; lastKnownFileType = sourcecode.glsl; path = depth_test.frag; sourceTree = "<group>"; };
		8991FBB3224FC18C00240AC0 /* single_color.frag */ = {isa = PBXFileReference; lastKnownFileType = sourcecode.glsl; path = single_color.frag; sourceTree = "<group>"; };
		8991FBB42251A92200240AC0 /* blending.hpp */ = {isa = PBXFileReference; lastKnownFileType = sourcecode.cpp.h; path = blending.hpp; sourceTree = "<group>"; };
		8991FBB62251AAC000240AC0 /* Wood_Floor_007_ROUGH.jpg */ = {isa = PBXFileReference; lastKnownFileType = image.jpeg; path = Wood_Floor_007_ROUGH.jpg; sourceTree = "<group>"; };
		8991FBB72251AAC000240AC0 /* Wood_Floor_007_OCC.jpg */ = {isa = PBXFileReference; lastKnownFileType = image.jpeg; path = Wood_Floor_007_OCC.jpg; sourceTree = "<group>"; };
		8991FBB82251AAC000240AC0 /* Wood_Floor_007_DISP.png */ = {isa = PBXFileReference; lastKnownFileType = image.png; path = Wood_Floor_007_DISP.png; sourceTree = "<group>"; };
		8991FBB92251AAC000240AC0 /* Wood_Floor_007_COLOR.jpg */ = {isa = PBXFileReference; lastKnownFileType = image.jpeg; path = Wood_Floor_007_COLOR.jpg; sourceTree = "<group>"; };
		8991FBBA2251AAC000240AC0 /* Wood_Floor_007_NORM.jpg */ = {isa = PBXFileReference; lastKnownFileType = image.jpeg; path = Wood_Floor_007_NORM.jpg; sourceTree = "<group>"; };
		8991FBBC2251AE9F00240AC0 /* floor.vert */ = {isa = PBXFileReference; lastKnownFileType = sourcecode.glsl; path = floor.vert; sourceTree = "<group>"; };
		8991FBBD2251AEAA00240AC0 /* floor.frag */ = {isa = PBXFileReference; lastKnownFileType = sourcecode.glsl; path = floor.frag; sourceTree = "<group>"; };
		8991FBBE2251BA0E00240AC0 /* grass.png */ = {isa = PBXFileReference; lastKnownFileType = image.png; path = grass.png; sourceTree = "<group>"; };
		8991FBBF2251BB1500240AC0 /* Grass.hpp */ = {isa = PBXFileReference; lastKnownFileType = sourcecode.cpp.h; path = Grass.hpp; sourceTree = "<group>"; };
		8991FBC12251C21E00240AC0 /* grass.vert */ = {isa = PBXFileReference; lastKnownFileType = sourcecode.glsl; path = grass.vert; sourceTree = "<group>"; };
		8991FBC22251C22600240AC0 /* grass.frag */ = {isa = PBXFileReference; lastKnownFileType = sourcecode.glsl; path = grass.frag; sourceTree = "<group>"; };
		8991FBC32252232D00240AC0 /* FrameBuffer.hpp */ = {isa = PBXFileReference; lastKnownFileType = sourcecode.cpp.h; path = FrameBuffer.hpp; sourceTree = "<group>"; };
		8991FBC42252288C00240AC0 /* RenderBuffer.hpp */ = {isa = PBXFileReference; lastKnownFileType = sourcecode.cpp.h; path = RenderBuffer.hpp; sourceTree = "<group>"; };
		8991FBC522522B9200240AC0 /* framebuffer.hpp */ = {isa = PBXFileReference; lastKnownFileType = sourcecode.cpp.h; path = framebuffer.hpp; sourceTree = "<group>"; };
		8991FBC72252348800240AC0 /* fb.vert */ = {isa = PBXFileReference; lastKnownFileType = sourcecode.glsl; path = fb.vert; sourceTree = "<group>"; };
		8991FBC82252349300240AC0 /* fb.frag */ = {isa = PBXFileReference; lastKnownFileType = sourcecode.glsl; path = fb.frag; sourceTree = "<group>"; };
		8991FBCA2253DEB800240AC0 /* ely_cloudtop.shader */ = {isa = PBXFileReference; lastKnownFileType = text; path = ely_cloudtop.shader; sourceTree = "<group>"; };
		8991FBCB2253DEB800240AC0 /* readme */ = {isa = PBXFileReference; lastKnownFileType = text; path = readme; sourceTree = "<group>"; };
		8991FBCC2253DEB800240AC0 /* cloudtop_lf.tga */ = {isa = PBXFileReference; lastKnownFileType = file; path = cloudtop_lf.tga; sourceTree = "<group>"; };
		8991FBCD2253DEB800240AC0 /* cloudtop_up.tga */ = {isa = PBXFileReference; lastKnownFileType = file; path = cloudtop_up.tga; sourceTree = "<group>"; };
		8991FBCE2253DEB800240AC0 /* cloudtop_bk.tga */ = {isa = PBXFileReference; lastKnownFileType = file; path = cloudtop_bk.tga; sourceTree = "<group>"; };
		8991FBCF2253DEB800240AC0 /* cloudtop_dn.tga */ = {isa = PBXFileReference; lastKnownFileType = file; path = cloudtop_dn.tga; sourceTree = "<group>"; };
		8991FBD02253DEB800240AC0 /* cloudtop_rt.tga */ = {isa = PBXFileReference; lastKnownFileType = file; path = cloudtop_rt.tga; sourceTree = "<group>"; };
		8991FBD12253DEB800240AC0 /* cloudtop_ft.tga */ = {isa = PBXFileReference; lastKnownFileType = file; path = cloudtop_ft.tga; sourceTree = "<group>"; };
		8991FBD32253DEB800240AC0 /* lmcity.shader */ = {isa = PBXFileReference; lastKnownFileType = text; path = lmcity.shader; sourceTree = "<group>"; };
		8991FBD42253DEB800240AC0 /* lmcity_lf.tga */ = {isa = PBXFileReference; lastKnownFileType = file; path = lmcity_lf.tga; sourceTree = "<group>"; };
		8991FBD52253DEB800240AC0 /* lmcity_up.tga */ = {isa = PBXFileReference; lastKnownFileType = file; path = lmcity_up.tga; sourceTree = "<group>"; };
		8991FBD62253DEB800240AC0 /* lmcity_bk.tga */ = {isa = PBXFileReference; lastKnownFileType = file; path = lmcity_bk.tga; sourceTree = "<group>"; };
		8991FBD72253DEB800240AC0 /* readme.txt */ = {isa = PBXFileReference; lastKnownFileType = text; path = readme.txt; sourceTree = "<group>"; };
		8991FBD82253DEB800240AC0 /* lmcity_rt.tga */ = {isa = PBXFileReference; lastKnownFileType = file; path = lmcity_rt.tga; sourceTree = "<group>"; };
		8991FBD92253DEB800240AC0 /* lmcity_dn.tga */ = {isa = PBXFileReference; lastKnownFileType = file; path = lmcity_dn.tga; sourceTree = "<group>"; };
		8991FBDA2253DEB800240AC0 /* lmcity_ft.tga */ = {isa = PBXFileReference; lastKnownFileType = file; path = lmcity_ft.tga; sourceTree = "<group>"; };
		8991FBDC2253DEB800240AC0 /* lake1_bk.JPG */ = {isa = PBXFileReference; lastKnownFileType = image.jpeg; path = lake1_bk.JPG; sourceTree = "<group>"; };
		8991FBDD2253DEB800240AC0 /* lake1_up.JPG */ = {isa = PBXFileReference; lastKnownFileType = image.jpeg; path = lake1_up.JPG; sourceTree = "<group>"; };
		8991FBDE2253DEB800240AC0 /* lake1_lf.JPG */ = {isa = PBXFileReference; lastKnownFileType = image.jpeg; path = lake1_lf.JPG; sourceTree = "<group>"; };
		8991FBDF2253DEB800240AC0 /* lake1_ft.JPG */ = {isa = PBXFileReference; lastKnownFileType = image.jpeg; path = lake1_ft.JPG; sourceTree = "<group>"; };
		8991FBE02253DEB800240AC0 /* sor_lake1.shader */ = {isa = PBXFileReference; lastKnownFileType = text; path = sor_lake1.shader; sourceTree = "<group>"; };
		8991FBE12253DEB800240AC0 /* lake1_dn.JPG */ = {isa = PBXFileReference; lastKnownFileType = image.jpeg; path = lake1_dn.JPG; sourceTree = "<group>"; };
		8991FBE22253DEB800240AC0 /* lake1_rt.JPG */ = {isa = PBXFileReference; lastKnownFileType = image.jpeg; path = lake1_rt.JPG; sourceTree = "<group>"; };
		8991FBE32253DEB800240AC0 /* readme.txt */ = {isa = PBXFileReference; lastKnownFileType = text; path = readme.txt; sourceTree = "<group>"; };
		8991FBE52253DEB900240AC0 /* morning_lf.tga */ = {isa = PBXFileReference; lastKnownFileType = file; path = morning_lf.tga; sourceTree = "<group>"; };
		8991FBE62253DEB900240AC0 /* morning_up.tga */ = {isa = PBXFileReference; lastKnownFileType = file; path = morning_up.tga; sourceTree = "<group>"; };
		8991FBE72253DEB900240AC0 /* morning_bk.tga */ = {isa = PBXFileReference; lastKnownFileType = file; path = morning_bk.tga; sourceTree = "<group>"; };
		8991FBE82253DEB900240AC0 /* morning_dn.tga */ = {isa = PBXFileReference; lastKnownFileType = file; path = morning_dn.tga; sourceTree = "<group>"; };
		8991FBE92253DEB900240AC0 /* morning_rt.tga */ = {isa = PBXFileReference; lastKnownFileType = file; path = morning_rt.tga; sourceTree = "<group>"; };
		8991FBEA2253DEB900240AC0 /* morning_ft.tga */ = {isa = PBXFileReference; lastKnownFileType = file; path = morning_ft.tga; sourceTree = "<group>"; };
		8991FBEB2253DEB900240AC0 /* hw_morning.shader */ = {isa = PBXFileReference; lastKnownFileType = text; path = hw_morning.shader; sourceTree = "<group>"; };
		8991FBEC2253DEB900240AC0 /* license.txt */ = {isa = PBXFileReference; lastKnownFileType = text; path = license.txt; sourceTree = "<group>"; };
		8991FBEE2253DEB900240AC0 /* alps_rt.tga */ = {isa = PBXFileReference; lastKnownFileType = file; path = alps_rt.tga; sourceTree = "<group>"; };
		8991FBEF2253DEB900240AC0 /* alps_dn.tga */ = {isa = PBXFileReference; lastKnownFileType = file; path = alps_dn.tga; sourceTree = "<group>"; };
		8991FBF02253DEB900240AC0 /* alps_ft.tga */ = {isa = PBXFileReference; lastKnownFileType = file; path = alps_ft.tga; sourceTree = "<group>"; };
		8991FBF12253DEB900240AC0 /* alps_lf.tga */ = {isa = PBXFileReference; lastKnownFileType = file; path = alps_lf.tga; sourceTree = "<group>"; };
		8991FBF22253DEB900240AC0 /* alps_up.tga */ = {isa = PBXFileReference; lastKnownFileType = file; path = alps_up.tga; sourceTree = "<group>"; };
		8991FBF32253DEB900240AC0 /* alps_bk.tga */ = {isa = PBXFileReference; lastKnownFileType = file; path = alps_bk.tga; sourceTree = "<group>"; };
		8991FBF42253DEB900240AC0 /* hw_alps.shader */ = {isa = PBXFileReference; lastKnownFileType = text; path = hw_alps.shader; sourceTree = "<group>"; };
		8991FBF52253DEB900240AC0 /* license.txt */ = {isa = PBXFileReference; lastKnownFileType = text; path = license.txt; sourceTree = "<group>"; };
		8991FBF62254A77D00240AC0 /* wglfw.hpp */ = {isa = PBXFileReference; lastKnownFileType = sourcecode.cpp.h; path = wglfw.hpp; sourceTree = "<group>"; };
		8991FBFA2254A7F000240AC0 /* khrplatform.h */ = {isa = PBXFileReference; lastKnownFileType = sourcecode.c.h; path = khrplatform.h; sourceTree = "<group>"; };
		8991FBFC2254A7F000240AC0 /* glad.h */ = {isa = PBXFileReference; lastKnownFileType = sourcecode.c.h; path = glad.h; sourceTree = "<group>"; };
		8991FBFE2254A7F000240AC0 /* glad.c */ = {isa = PBXFileReference; lastKnownFileType = sourcecode.c.c; path = glad.c; sourceTree = "<group>"; };
		899BF9DD224F3B4100630C0E /* AssimpModel.hpp */ = {isa = PBXFileReference; lastKnownFileType = sourcecode.cpp.h; path = AssimpModel.hpp; sourceTree = "<group>"; };
		899BF9DF224F60A500630C0E /* model.vert */ = {isa = PBXFileReference; lastKnownFileType = sourcecode.glsl; path = model.vert; sourceTree = "<group>"; };
		899BF9E0224F60B500630C0E /* model.frag */ = {isa = PBXFileReference; lastKnownFileType = sourcecode.glsl; path = model.frag; sourceTree = "<group>"; };
		899BF9E3224F613F00630C0E /* body_showroom_ddn.png */ = {isa = PBXFileReference; lastKnownFileType = image.png; path = body_showroom_ddn.png; sourceTree = "<group>"; };
		899BF9E4224F613F00630C0E /* helmet_showroom_ddn.png */ = {isa = PBXFileReference; lastKnownFileType = image.png; path = helmet_showroom_ddn.png; sourceTree = "<group>"; };
		899BF9E5224F613F00630C0E /* arm_showroom_ddn.png */ = {isa = PBXFileReference; lastKnownFileType = image.png; path = arm_showroom_ddn.png; sourceTree = "<group>"; };
		899BF9E6224F613F00630C0E /* arm_showroom_spec.png */ = {isa = PBXFileReference; lastKnownFileType = image.png; path = arm_showroom_spec.png; sourceTree = "<group>"; };
		899BF9E7224F613F00630C0E /* leg_dif.png */ = {isa = PBXFileReference; lastKnownFileType = image.png; path = leg_dif.png; sourceTree = "<group>"; };
		899BF9E8224F613F00630C0E /* hand_showroom_spec.png */ = {isa = PBXFileReference; lastKnownFileType = image.png; path = hand_showroom_spec.png; sourceTree = "<group>"; };
		899BF9E9224F613F00630C0E /* glass_ddn.png */ = {isa = PBXFileReference; lastKnownFileType = image.png; path = glass_ddn.png; sourceTree = "<group>"; };
		899BF9EA224F613F00630C0E /* nanosuit.mtl */ = {isa = PBXFileReference; lastKnownFileType = text; path = nanosuit.mtl; sourceTree = "<group>"; };
		899BF9EB224F613F00630C0E /* body_dif.png */ = {isa = PBXFileReference; lastKnownFileType = image.png; path = body_dif.png; sourceTree = "<group>"; };
		899BF9EC224F613F00630C0E /* hand_showroom_ddn.png */ = {isa = PBXFileReference; lastKnownFileType = image.png; path = hand_showroom_ddn.png; sourceTree = "<group>"; };
		899BF9ED224F613F00630C0E /* glass_dif.png */ = {isa = PBXFileReference; lastKnownFileType = image.png; path = glass_dif.png; sourceTree = "<group>"; };
		899BF9EE224F613F00630C0E /* arm_dif.png */ = {isa = PBXFileReference; lastKnownFileType = image.png; path = arm_dif.png; sourceTree = "<group>"; };
		899BF9EF224F613F00630C0E /* nanosuit.blend */ = {isa = PBXFileReference; lastKnownFileType = file; path = nanosuit.blend; sourceTree = "<group>"; };
		899BF9F0224F613F00630C0E /* helmet_diff.png */ = {isa = PBXFileReference; lastKnownFileType = image.png; path = helmet_diff.png; sourceTree = "<group>"; };
		899BF9F1224F613F00630C0E /* nanosuit.obj */ = {isa = PBXFileReference; lastKnownFileType = text; path = nanosuit.obj; sourceTree = "<group>"; };
		899BF9F2224F613F00630C0E /* leg_showroom_ddn.png */ = {isa = PBXFileReference; lastKnownFileType = image.png; path = leg_showroom_ddn.png; sourceTree = "<group>"; };
		899BF9F3224F613F00630C0E /* LICENSE.txt */ = {isa = PBXFileReference; lastKnownFileType = text; path = LICENSE.txt; sourceTree = "<group>"; };
		899BF9F4224F613F00630C0E /* helmet_showroom_spec.png */ = {isa = PBXFileReference; lastKnownFileType = image.png; path = helmet_showroom_spec.png; sourceTree = "<group>"; };
		899BF9F5224F613F00630C0E /* leg_showroom_spec.png */ = {isa = PBXFileReference; lastKnownFileType = image.png; path = leg_showroom_spec.png; sourceTree = "<group>"; };
		899BF9F6224F613F00630C0E /* body_showroom_spec.png */ = {isa = PBXFileReference; lastKnownFileType = image.png; path = body_showroom_spec.png; sourceTree = "<group>"; };
		899BF9F7224F613F00630C0E /* hand_dif.png */ = {isa = PBXFileReference; lastKnownFileType = image.png; path = hand_dif.png; sourceTree = "<group>"; };
		899BF9F8224F619000630C0E /* helper.hpp */ = {isa = PBXFileReference; lastKnownFileType = sourcecode.cpp.h; path = helper.hpp; sourceTree = "<group>"; };
		899BF9F9224F6FD600630C0E /* MeshTextureNameGenerator.hpp */ = {isa = PBXFileReference; lastKnownFileType = sourcecode.cpp.h; path = MeshTextureNameGenerator.hpp; sourceTree = "<group>"; };
		89DA8E962248B539002CC19D /* lighting_maps_specular_color.png */ = {isa = PBXFileReference; lastKnownFileType = image.png; path = lighting_maps_specular_color.png; sourceTree = "<group>"; };
		89DA8E972248B5B6002CC19D /* matrix.jpg */ = {isa = PBXFileReference; lastKnownFileType = image.jpeg; path = matrix.jpg; sourceTree = "<group>"; };
		89EF76BD224873EC00A809E5 /* container2_specular.png */ = {isa = PBXFileReference; lastKnownFileType = image.png; path = container2_specular.png; sourceTree = "<group>"; };
		89EF76BE224873EC00A809E5 /* container2.png */ = {isa = PBXFileReference; lastKnownFileType = image.png; path = container2.png; sourceTree = "<group>"; };
/* End PBXFileReference section */

/* Begin PBXFrameworksBuildPhase section */
		893BEB7F223FB1D100C92EA1 /* Frameworks */ = {
			isa = PBXFrameworksBuildPhase;
			buildActionMask = 2147483647;
			files = (
				894C67AB224C6906001FEB32 /* libassimp.4.1.0.dylib in Frameworks */,
				893BEB96223FB2A000C92EA1 /* libglfw.3.2.dylib in Frameworks */,
				893BEB94223FB29500C92EA1 /* CoreVideo.framework in Frameworks */,
				893BEB92223FB28E00C92EA1 /* OpenGL.framework in Frameworks */,
				893BEB90223FB28800C92EA1 /* Cocoa.framework in Frameworks */,
				893BEB8E223FB28200C92EA1 /* IOKit.framework in Frameworks */,
			);
			runOnlyForDeploymentPostprocessing = 0;
		};
/* End PBXFrameworksBuildPhase section */

/* Begin PBXGroup section */
		8912EF592240869F0040AE27 /* Utilities */ = {
			isa = PBXGroup;
			children = (
				8912EF6122471E6C0040AE27 /* Camera.hpp */,
				894C67AC224C6BBF001FEB32 /* Mesh.hpp */,
				899BF9F9224F6FD600630C0E /* MeshTextureNameGenerator.hpp */,
				899BF9DD224F3B4100630C0E /* AssimpModel.hpp */,
				899BF9F8224F619000630C0E /* helper.hpp */,
			);
			path = Utilities;
			sourceTree = "<group>";
		};
		8912EF5C224092570040AE27 /* Textures */ = {
			isa = PBXGroup;
			children = (
				8991FBC92253DEB800240AC0 /* ely_cloudtop */,
				8991FBED2253DEB900240AC0 /* hw_alps */,
				8991FBE42253DEB900240AC0 /* hw_morning */,
				8991FBD22253DEB800240AC0 /* lmcity */,
				8991FBDB2253DEB800240AC0 /* sor_lake1 */,
				8991FBBE2251BA0E00240AC0 /* grass.png */,
				8991FBB52251AAC000240AC0 /* Wood_Floor_007_SD */,
				89DA8E972248B5B6002CC19D /* matrix.jpg */,
				89DA8E962248B539002CC19D /* lighting_maps_specular_color.png */,
				89EF76BD224873EC00A809E5 /* container2_specular.png */,
				89EF76BE224873EC00A809E5 /* container2.png */,
				8912EF602240A9D20040AE27 /* wall.jpg */,
				8912EF5D224094430040AE27 /* mipmaps.png */,
			);
			path = Textures;
			sourceTree = "<group>";
		};
		8912EF63224769120040AE27 /* Playground */ = {
			isa = PBXGroup;
			children = (
				8991FBAA224F7EB600240AC0 /* Objects */,
				8912EF6C22476D870040AE27 /* base.hpp */,
				8912EF6822476AB00040AE27 /* basic.hpp */,
				8912EF6B22476D5C0040AE27 /* basic_lighting.hpp */,
				894C67A9224C6404001FEB32 /* model.hpp */,
				8991FBAD224F8B5500240AC0 /* depth_stencil_test.hpp */,
				8991FBB42251A92200240AC0 /* blending.hpp */,
				8991FBC522522B9200240AC0 /* framebuffer.hpp */,
				8941CBA5225681F60028FC72 /* skybox.hpp */,
				8912EF67224769BD0040AE27 /* playground.hpp */,
			);
			path = Playground;
			sourceTree = "<group>";
		};
		8912EF6922476B9F0040AE27 /* basic */ = {
			isa = PBXGroup;
			children = (
				893BEB9A223FB64200C92EA1 /* simple.vert */,
				8912EF582240809C0040AE27 /* simple.frag */,
			);
			path = basic;
			sourceTree = "<group>";
		};
		8912EF6D22476E820040AE27 /* basic_lighting */ = {
			isa = PBXGroup;
			children = (
				8912EF6E22476F320040AE27 /* basic.vert */,
				8912EF6F224770220040AE27 /* lamp.frag */,
				8912EF702247707E0040AE27 /* object.frag */,
			);
			path = basic_lighting;
			sourceTree = "<group>";
		};
		893BEB79223FB1D100C92EA1 = {
			isa = PBXGroup;
			children = (
				8991FBF72254A7F000240AC0 /* glad */,
				893BEB9B223FC19A00C92EA1 /* WrappedGLFW */,
				899BF9E1224F613F00630C0E /* Models */,
				8912EF5C224092570040AE27 /* Textures */,
				893BEB99223FB62D00C92EA1 /* Shaders */,
				893BEB84223FB1D100C92EA1 /* OpenGLLab */,
				893BEB83223FB1D100C92EA1 /* Products */,
				893BEB8C223FB28200C92EA1 /* Frameworks */,
			);
			sourceTree = "<group>";
		};
		893BEB83223FB1D100C92EA1 /* Products */ = {
			isa = PBXGroup;
			children = (
				893BEB82223FB1D100C92EA1 /* OpenGLLab */,
			);
			name = Products;
			sourceTree = "<group>";
		};
		893BEB84223FB1D100C92EA1 /* OpenGLLab */ = {
			isa = PBXGroup;
			children = (
				8912EF63224769120040AE27 /* Playground */,
				893BEB85223FB1D100C92EA1 /* main.cpp */,
			);
			path = OpenGLLab;
			sourceTree = "<group>";
		};
		893BEB8C223FB28200C92EA1 /* Frameworks */ = {
			isa = PBXGroup;
			children = (
				894C67AA224C6906001FEB32 /* libassimp.4.1.0.dylib */,
				893BEB95223FB2A000C92EA1 /* libglfw.3.2.dylib */,
				893BEB93223FB29500C92EA1 /* CoreVideo.framework */,
				893BEB91223FB28E00C92EA1 /* OpenGL.framework */,
				893BEB8F223FB28800C92EA1 /* Cocoa.framework */,
				893BEB8D223FB28200C92EA1 /* IOKit.framework */,
			);
			name = Frameworks;
			sourceTree = "<group>";
		};
		893BEB99223FB62D00C92EA1 /* Shaders */ = {
			isa = PBXGroup;
			children = (
				8991FBC62252346500240AC0 /* framebuffer */,
				8991FBC02251C21300240AC0 /* etc */,
				8991FBBB2251AE8300240AC0 /* floor */,
				8991FBAE224F8BC100240AC0 /* box */,
				899BF9DE224F608800630C0E /* model */,
				8912EF6D22476E820040AE27 /* basic_lighting */,
				8912EF6922476B9F0040AE27 /* basic */,
			);
			path = Shaders;
			sourceTree = "<group>";
		};
		893BEB9B223FC19A00C92EA1 /* WrappedGLFW */ = {
			isa = PBXGroup;
			children = (
				8912EF592240869F0040AE27 /* Utilities */,
				8912EF50223FE5800040AE27 /* GLFW.hpp */,
				8912EF4E223FE1EA0040AE27 /* Exception.hpp */,
				8912EF4C223FDE200040AE27 /* Window.hpp */,
				8912EF55223FFD840040AE27 /* GL.hpp */,
				8912EF53223FF44C0040AE27 /* Shader.hpp */,
				8912EF54223FFA950040AE27 /* Program.hpp */,
				8912EF562240048F0040AE27 /* VertexArray.hpp */,
				8912EF57224009C70040AE27 /* ArrayBuffer.hpp */,
				8912EF5E2240983C0040AE27 /* Texture.hpp */,
				8991FBC32252232D00240AC0 /* FrameBuffer.hpp */,
				8991FBC42252288C00240AC0 /* RenderBuffer.hpp */,
				8912EF4A223FD1ED0040AE27 /* support.hpp */,
				8912EF49223FD0A80040AE27 /* loader.hpp */,
				8991FBF62254A77D00240AC0 /* wglfw.hpp */,
			);
			path = WrappedGLFW;
			sourceTree = "<group>";
		};
		8991FBAA224F7EB600240AC0 /* Objects */ = {
			isa = PBXGroup;
			children = (
				8991FBAC224F833E00240AC0 /* PointLight.hpp */,
				8991FBAB224F7ED400240AC0 /* Box.hpp */,
				8991FBB1224F973800240AC0 /* Floor.hpp */,
				8991FBBF2251BB1500240AC0 /* Grass.hpp */,
				8941CBA422567F2D0028FC72 /* Skybox.hpp */,
			);
			path = Objects;
			sourceTree = "<group>";
		};
		8991FBAE224F8BC100240AC0 /* box */ = {
			isa = PBXGroup;
			children = (
				8991FBAF224F8BCC00240AC0 /* box.vert */,
				8991FBB0224F8C1A00240AC0 /* box.frag */,
				8991FBB2224F981300240AC0 /* depth_test.frag */,
				8991FBB3224FC18C00240AC0 /* single_color.frag */,
			);
			path = box;
			sourceTree = "<group>";
		};
		8991FBB52251AAC000240AC0 /* Wood_Floor_007_SD */ = {
			isa = PBXGroup;
			children = (
				8991FBB62251AAC000240AC0 /* Wood_Floor_007_ROUGH.jpg */,
				8991FBB72251AAC000240AC0 /* Wood_Floor_007_OCC.jpg */,
				8991FBB82251AAC000240AC0 /* Wood_Floor_007_DISP.png */,
				8991FBB92251AAC000240AC0 /* Wood_Floor_007_COLOR.jpg */,
				8991FBBA2251AAC000240AC0 /* Wood_Floor_007_NORM.jpg */,
			);
			path = Wood_Floor_007_SD;
			sourceTree = "<group>";
		};
		8991FBBB2251AE8300240AC0 /* floor */ = {
			isa = PBXGroup;
			children = (
				8991FBBC2251AE9F00240AC0 /* floor.vert */,
				8991FBBD2251AEAA00240AC0 /* floor.frag */,
			);
			path = floor;
			sourceTree = "<group>";
		};
		8991FBC02251C21300240AC0 /* etc */ = {
			isa = PBXGroup;
			children = (
				8991FBC12251C21E00240AC0 /* grass.vert */,
				8991FBC22251C22600240AC0 /* grass.frag */,
			);
			path = etc;
			sourceTree = "<group>";
		};
		8991FBC62252346500240AC0 /* framebuffer */ = {
			isa = PBXGroup;
			children = (
				8991FBC72252348800240AC0 /* fb.vert */,
				8991FBC82252349300240AC0 /* fb.frag */,
			);
			path = framebuffer;
			sourceTree = "<group>";
		};
		8991FBC92253DEB800240AC0 /* ely_cloudtop */ = {
			isa = PBXGroup;
			children = (
				8991FBCA2253DEB800240AC0 /* ely_cloudtop.shader */,
				8991FBCB2253DEB800240AC0 /* readme */,
				8991FBCC2253DEB800240AC0 /* cloudtop_lf.tga */,
				8991FBCD2253DEB800240AC0 /* cloudtop_up.tga */,
				8991FBCE2253DEB800240AC0 /* cloudtop_bk.tga */,
				8991FBCF2253DEB800240AC0 /* cloudtop_dn.tga */,
				8991FBD02253DEB800240AC0 /* cloudtop_rt.tga */,
				8991FBD12253DEB800240AC0 /* cloudtop_ft.tga */,
			);
			path = ely_cloudtop;
			sourceTree = "<group>";
		};
		8991FBD22253DEB800240AC0 /* lmcity */ = {
			isa = PBXGroup;
			children = (
				8991FBD32253DEB800240AC0 /* lmcity.shader */,
				8991FBD42253DEB800240AC0 /* lmcity_lf.tga */,
				8991FBD52253DEB800240AC0 /* lmcity_up.tga */,
				8991FBD62253DEB800240AC0 /* lmcity_bk.tga */,
				8991FBD72253DEB800240AC0 /* readme.txt */,
				8991FBD82253DEB800240AC0 /* lmcity_rt.tga */,
				8991FBD92253DEB800240AC0 /* lmcity_dn.tga */,
				8991FBDA2253DEB800240AC0 /* lmcity_ft.tga */,
			);
			path = lmcity;
			sourceTree = "<group>";
		};
		8991FBDB2253DEB800240AC0 /* sor_lake1 */ = {
			isa = PBXGroup;
			children = (
				8991FBDC2253DEB800240AC0 /* lake1_bk.JPG */,
				8991FBDD2253DEB800240AC0 /* lake1_up.JPG */,
				8991FBDE2253DEB800240AC0 /* lake1_lf.JPG */,
				8991FBDF2253DEB800240AC0 /* lake1_ft.JPG */,
				8991FBE02253DEB800240AC0 /* sor_lake1.shader */,
				8991FBE12253DEB800240AC0 /* lake1_dn.JPG */,
				8991FBE22253DEB800240AC0 /* lake1_rt.JPG */,
				8991FBE32253DEB800240AC0 /* readme.txt */,
			);
			path = sor_lake1;
			sourceTree = "<group>";
		};
		8991FBE42253DEB900240AC0 /* hw_morning */ = {
			isa = PBXGroup;
			children = (
				8991FBE52253DEB900240AC0 /* morning_lf.tga */,
				8991FBE62253DEB900240AC0 /* morning_up.tga */,
				8991FBE72253DEB900240AC0 /* morning_bk.tga */,
				8991FBE82253DEB900240AC0 /* morning_dn.tga */,
				8991FBE92253DEB900240AC0 /* morning_rt.tga */,
				8991FBEA2253DEB900240AC0 /* morning_ft.tga */,
				8991FBEB2253DEB900240AC0 /* hw_morning.shader */,
				8991FBEC2253DEB900240AC0 /* license.txt */,
			);
			path = hw_morning;
			sourceTree = "<group>";
		};
		8991FBED2253DEB900240AC0 /* hw_alps */ = {
			isa = PBXGroup;
			children = (
				8991FBEE2253DEB900240AC0 /* alps_rt.tga */,
				8991FBEF2253DEB900240AC0 /* alps_dn.tga */,
				8991FBF02253DEB900240AC0 /* alps_ft.tga */,
				8991FBF12253DEB900240AC0 /* alps_lf.tga */,
				8991FBF22253DEB900240AC0 /* alps_up.tga */,
				8991FBF32253DEB900240AC0 /* alps_bk.tga */,
				8991FBF42253DEB900240AC0 /* hw_alps.shader */,
				8991FBF52253DEB900240AC0 /* license.txt */,
			);
			path = hw_alps;
			sourceTree = "<group>";
		};
		8991FBF72254A7F000240AC0 /* glad */ = {
			isa = PBXGroup;
			children = (
				8991FBF82254A7F000240AC0 /* include */,
				8991FBFD2254A7F000240AC0 /* src */,
			);
			path = glad;
			sourceTree = "<group>";
		};
		8991FBF82254A7F000240AC0 /* include */ = {
			isa = PBXGroup;
			children = (
				8991FBF92254A7F000240AC0 /* KHR */,
				8991FBFB2254A7F000240AC0 /* glad */,
			);
			path = include;
			sourceTree = "<group>";
		};
		8991FBF92254A7F000240AC0 /* KHR */ = {
			isa = PBXGroup;
			children = (
				8991FBFA2254A7F000240AC0 /* khrplatform.h */,
			);
			path = KHR;
			sourceTree = "<group>";
		};
		8991FBFB2254A7F000240AC0 /* glad */ = {
			isa = PBXGroup;
			children = (
				8991FBFC2254A7F000240AC0 /* glad.h */,
			);
			path = glad;
			sourceTree = "<group>";
		};
		8991FBFD2254A7F000240AC0 /* src */ = {
			isa = PBXGroup;
			children = (
				8991FBFE2254A7F000240AC0 /* glad.c */,
			);
			path = src;
			sourceTree = "<group>";
		};
		899BF9DE224F608800630C0E /* model */ = {
			isa = PBXGroup;
			children = (
				899BF9DF224F60A500630C0E /* model.vert */,
				899BF9E0224F60B500630C0E /* model.frag */,
			);
			path = model;
			sourceTree = "<group>";
		};
		899BF9E1224F613F00630C0E /* Models */ = {
			isa = PBXGroup;
			children = (
				899BF9E2224F613F00630C0E /* nanosuit */,
			);
			path = Models;
			sourceTree = "<group>";
		};
		899BF9E2224F613F00630C0E /* nanosuit */ = {
			isa = PBXGroup;
			children = (
				899BF9E3224F613F00630C0E /* body_showroom_ddn.png */,
				899BF9E4224F613F00630C0E /* helmet_showroom_ddn.png */,
				899BF9E5224F613F00630C0E /* arm_showroom_ddn.png */,
				899BF9E6224F613F00630C0E /* arm_showroom_spec.png */,
				899BF9E7224F613F00630C0E /* leg_dif.png */,
				899BF9E8224F613F00630C0E /* hand_showroom_spec.png */,
				899BF9E9224F613F00630C0E /* glass_ddn.png */,
				899BF9EA224F613F00630C0E /* nanosuit.mtl */,
				899BF9EB224F613F00630C0E /* body_dif.png */,
				899BF9EC224F613F00630C0E /* hand_showroom_ddn.png */,
				899BF9ED224F613F00630C0E /* glass_dif.png */,
				899BF9EE224F613F00630C0E /* arm_dif.png */,
				899BF9EF224F613F00630C0E /* nanosuit.blend */,
				899BF9F0224F613F00630C0E /* helmet_diff.png */,
				899BF9F1224F613F00630C0E /* nanosuit.obj */,
				899BF9F2224F613F00630C0E /* leg_showroom_ddn.png */,
				899BF9F3224F613F00630C0E /* LICENSE.txt */,
				899BF9F4224F613F00630C0E /* helmet_showroom_spec.png */,
				899BF9F5224F613F00630C0E /* leg_showroom_spec.png */,
				899BF9F6224F613F00630C0E /* body_showroom_spec.png */,
				899BF9F7224F613F00630C0E /* hand_dif.png */,
			);
			path = nanosuit;
			sourceTree = "<group>";
		};
/* End PBXGroup section */

/* Begin PBXNativeTarget section */
		893BEB81223FB1D100C92EA1 /* OpenGLLab */ = {
			isa = PBXNativeTarget;
			buildConfigurationList = 893BEB89223FB1D100C92EA1 /* Build configuration list for PBXNativeTarget "OpenGLLab" */;
			buildPhases = (
				893BEB7E223FB1D100C92EA1 /* Sources */,
				893BEB7F223FB1D100C92EA1 /* Frameworks */,
				893BEB80223FB1D100C92EA1 /* Copy Files */,
			);
			buildRules = (
			);
			dependencies = (
			);
			name = OpenGLLab;
			productName = OpenGLTest;
			productReference = 893BEB82223FB1D100C92EA1 /* OpenGLLab */;
			productType = "com.apple.product-type.tool";
		};
/* End PBXNativeTarget section */

/* Begin PBXProject section */
		893BEB7A223FB1D100C92EA1 /* Project object */ = {
			isa = PBXProject;
			attributes = {
				LastUpgradeCheck = 1010;
				ORGANIZATIONNAME = "罗 世通";
				TargetAttributes = {
					893BEB81223FB1D100C92EA1 = {
						CreatedOnToolsVersion = 10.1;
					};
				};
			};
			buildConfigurationList = 893BEB7D223FB1D100C92EA1 /* Build configuration list for PBXProject "OpenGLLab" */;
			compatibilityVersion = "Xcode 9.3";
			developmentRegion = en;
			hasScannedForEncodings = 0;
			knownRegions = (
				en,
			);
			mainGroup = 893BEB79223FB1D100C92EA1;
			productRefGroup = 893BEB83223FB1D100C92EA1 /* Products */;
			projectDirPath = "";
			projectRoot = "";
			targets = (
				893BEB81223FB1D100C92EA1 /* OpenGLLab */,
			);
		};
/* End PBXProject section */

/* Begin PBXSourcesBuildPhase section */
		893BEB7E223FB1D100C92EA1 /* Sources */ = {
			isa = PBXSourcesBuildPhase;
			buildActionMask = 2147483647;
			files = (
				8991FC002254A84800240AC0 /* glad.c in Sources */,
				893BEB86223FB1D100C92EA1 /* main.cpp in Sources */,
			);
			runOnlyForDeploymentPostprocessing = 0;
		};
/* End PBXSourcesBuildPhase section */

/* Begin XCBuildConfiguration section */
		893BEB87223FB1D100C92EA1 /* Debug */ = {
			isa = XCBuildConfiguration;
			buildSettings = {
				ALWAYS_SEARCH_USER_PATHS = NO;
				CLANG_ANALYZER_NONNULL = YES;
				CLANG_ANALYZER_NUMBER_OBJECT_CONVERSION = YES_AGGRESSIVE;
				CLANG_CXX_LANGUAGE_STANDARD = "gnu++14";
				CLANG_CXX_LIBRARY = "libc++";
				CLANG_ENABLE_MODULES = YES;
				CLANG_ENABLE_OBJC_ARC = YES;
				CLANG_ENABLE_OBJC_WEAK = YES;
				CLANG_WARN_BLOCK_CAPTURE_AUTORELEASING = YES;
				CLANG_WARN_BOOL_CONVERSION = YES;
				CLANG_WARN_COMMA = YES;
				CLANG_WARN_CONSTANT_CONVERSION = YES;
				CLANG_WARN_DEPRECATED_OBJC_IMPLEMENTATIONS = YES;
				CLANG_WARN_DIRECT_OBJC_ISA_USAGE = YES_ERROR;
				CLANG_WARN_DOCUMENTATION_COMMENTS = NO;
				CLANG_WARN_EMPTY_BODY = YES;
				CLANG_WARN_ENUM_CONVERSION = YES;
				CLANG_WARN_INFINITE_RECURSION = YES;
				CLANG_WARN_INT_CONVERSION = YES;
				CLANG_WARN_NON_LITERAL_NULL_CONVERSION = YES;
				CLANG_WARN_OBJC_IMPLICIT_RETAIN_SELF = YES;
				CLANG_WARN_OBJC_LITERAL_CONVERSION = YES;
				CLANG_WARN_OBJC_ROOT_CLASS = YES_ERROR;
				CLANG_WARN_RANGE_LOOP_ANALYSIS = YES;
				CLANG_WARN_STRICT_PROTOTYPES = YES;
				CLANG_WARN_SUSPICIOUS_MOVE = YES;
				CLANG_WARN_UNGUARDED_AVAILABILITY = YES_AGGRESSIVE;
				CLANG_WARN_UNREACHABLE_CODE = YES;
				CLANG_WARN__DUPLICATE_METHOD_MATCH = YES;
				CODE_SIGN_IDENTITY = "-";
				COPY_PHASE_STRIP = NO;
				DEBUG_INFORMATION_FORMAT = dwarf;
				ENABLE_STRICT_OBJC_MSGSEND = YES;
				ENABLE_TESTABILITY = YES;
				GCC_C_LANGUAGE_STANDARD = gnu11;
				GCC_DYNAMIC_NO_PIC = NO;
				GCC_NO_COMMON_BLOCKS = YES;
				GCC_OPTIMIZATION_LEVEL = 0;
				GCC_PREPROCESSOR_DEFINITIONS = (
					"DEBUG=1",
					"$(inherited)",
				);
				GCC_WARN_64_TO_32_BIT_CONVERSION = YES;
				GCC_WARN_ABOUT_RETURN_TYPE = YES_ERROR;
				GCC_WARN_UNDECLARED_SELECTOR = YES;
				GCC_WARN_UNINITIALIZED_AUTOS = YES_AGGRESSIVE;
				GCC_WARN_UNUSED_FUNCTION = YES;
				GCC_WARN_UNUSED_VARIABLE = YES;
				MACOSX_DEPLOYMENT_TARGET = 10.14;
				MTL_ENABLE_DEBUG_INFO = INCLUDE_SOURCE;
				MTL_FAST_MATH = YES;
				ONLY_ACTIVE_ARCH = YES;
				SDKROOT = macosx;
			};
			name = Debug;
		};
		893BEB88223FB1D100C92EA1 /* Release */ = {
			isa = XCBuildConfiguration;
			buildSettings = {
				ALWAYS_SEARCH_USER_PATHS = NO;
				CLANG_ANALYZER_NONNULL = YES;
				CLANG_ANALYZER_NUMBER_OBJECT_CONVERSION = YES_AGGRESSIVE;
				CLANG_CXX_LANGUAGE_STANDARD = "gnu++14";
				CLANG_CXX_LIBRARY = "libc++";
				CLANG_ENABLE_MODULES = YES;
				CLANG_ENABLE_OBJC_ARC = YES;
				CLANG_ENABLE_OBJC_WEAK = YES;
				CLANG_WARN_BLOCK_CAPTURE_AUTORELEASING = YES;
				CLANG_WARN_BOOL_CONVERSION = YES;
				CLANG_WARN_COMMA = YES;
				CLANG_WARN_CONSTANT_CONVERSION = YES;
				CLANG_WARN_DEPRECATED_OBJC_IMPLEMENTATIONS = YES;
				CLANG_WARN_DIRECT_OBJC_ISA_USAGE = YES_ERROR;
				CLANG_WARN_DOCUMENTATION_COMMENTS = NO;
				CLANG_WARN_EMPTY_BODY = YES;
				CLANG_WARN_ENUM_CONVERSION = YES;
				CLANG_WARN_INFINITE_RECURSION = YES;
				CLANG_WARN_INT_CONVERSION = YES;
				CLANG_WARN_NON_LITERAL_NULL_CONVERSION = YES;
				CLANG_WARN_OBJC_IMPLICIT_RETAIN_SELF = YES;
				CLANG_WARN_OBJC_LITERAL_CONVERSION = YES;
				CLANG_WARN_OBJC_ROOT_CLASS = YES_ERROR;
				CLANG_WARN_RANGE_LOOP_ANALYSIS = YES;
				CLANG_WARN_STRICT_PROTOTYPES = YES;
				CLANG_WARN_SUSPICIOUS_MOVE = YES;
				CLANG_WARN_UNGUARDED_AVAILABILITY = YES_AGGRESSIVE;
				CLANG_WARN_UNREACHABLE_CODE = YES;
				CLANG_WARN__DUPLICATE_METHOD_MATCH = YES;
				CODE_SIGN_IDENTITY = "-";
				COPY_PHASE_STRIP = NO;
				DEBUG_INFORMATION_FORMAT = "dwarf-with-dsym";
				ENABLE_NS_ASSERTIONS = NO;
				ENABLE_STRICT_OBJC_MSGSEND = YES;
				GCC_C_LANGUAGE_STANDARD = gnu11;
				GCC_NO_COMMON_BLOCKS = YES;
				GCC_WARN_64_TO_32_BIT_CONVERSION = YES;
				GCC_WARN_ABOUT_RETURN_TYPE = YES_ERROR;
				GCC_WARN_UNDECLARED_SELECTOR = YES;
				GCC_WARN_UNINITIALIZED_AUTOS = YES_AGGRESSIVE;
				GCC_WARN_UNUSED_FUNCTION = YES;
				GCC_WARN_UNUSED_VARIABLE = YES;
				MACOSX_DEPLOYMENT_TARGET = 10.14;
				MTL_ENABLE_DEBUG_INFO = NO;
				MTL_FAST_MATH = YES;
				SDKROOT = macosx;
			};
			name = Release;
		};
		893BEB8A223FB1D100C92EA1 /* Debug */ = {
			isa = XCBuildConfiguration;
			buildSettings = {
				CODE_SIGN_STYLE = Automatic;
				HEADER_SEARCH_PATHS = (
					/usr/local/include/,
					./glad/include,
					./include,
				);
				LIBRARY_SEARCH_PATHS = (
					"$(inherited)",
					/usr/local/Cellar/glfw/3.2.1/lib,
					/usr/local/lib/,
					/usr/local/Cellar/assimp/4.1.0/lib,
				);
				PRODUCT_NAME = "$(TARGET_NAME)";
			};
			name = Debug;
		};
		893BEB8B223FB1D100C92EA1 /* Release */ = {
			isa = XCBuildConfiguration;
			buildSettings = {
				CODE_SIGN_STYLE = Automatic;
				HEADER_SEARCH_PATHS = (
					/usr/local/include/,
					./glad/include,
					./include,
				);
				LIBRARY_SEARCH_PATHS = (
					"$(inherited)",
					/usr/local/Cellar/glfw/3.2.1/lib,
					/usr/local/lib/,
					/usr/local/Cellar/assimp/4.1.0/lib,
				);
				PRODUCT_NAME = "$(TARGET_NAME)";
			};
			name = Release;
		};
/* End XCBuildConfiguration section */

/* Begin XCConfigurationList section */
		893BEB7D223FB1D100C92EA1 /* Build configuration list for PBXProject "OpenGLLab" */ = {
			isa = XCConfigurationList;
			buildConfigurations = (
				893BEB87223FB1D100C92EA1 /* Debug */,
				893BEB88223FB1D100C92EA1 /* Release */,
			);
			defaultConfigurationIsVisible = 0;
			defaultConfigurationName = Release;
		};
		893BEB89223FB1D100C92EA1 /* Build configuration list for PBXNativeTarget "OpenGLLab" */ = {
			isa = XCConfigurationList;
			buildConfigurations = (
				893BEB8A223FB1D100C92EA1 /* Debug */,
				893BEB8B223FB1D100C92EA1 /* Release */,
			);
			defaultConfigurationIsVisible = 0;
			defaultConfigurationName = Release;
		};
/* End XCConfigurationList section */
	};
	rootObject = 893BEB7A223FB1D100C92EA1 /* Project object */;
}
